
Microsoft Visual Studio Solution File, Format Version 12.00
# Visual Studio Version 17
VisualStudioVersion = 17.0.31903.59
MinimumVisualStudioVersion = 10.0.40219.1
Project("{2150E333-8FDC-42A3-9474-1A3956D46DE8}") = "src", "src", "{827E0CD3-B72D-47B6-A68D-7590B98EB39B}"
EndProject
Project("{2150E333-8FDC-42A3-9474-1A3956D46DE8}") = "BuildingBlocks", "BuildingBlocks", "{90298CBA-BD6F-3A0A-69D5-97CAD7B05E7E}"
EndProject
Project("{FAE04EC0-301F-11D3-BF4B-00C04F79EFBC}") = "EMIS.SharedKernel", "src\BuildingBlocks\EMIS.SharedKernel\EMIS.SharedKernel.csproj", "{88F5226B-2951-4EBA-8A4B-299C35156C8B}"
EndProject
Project("{FAE04EC0-301F-11D3-BF4B-00C04F79EFBC}") = "EMIS.BuildingBlocks", "src\BuildingBlocks\EMIS.BuildingBlocks\EMIS.BuildingBlocks.csproj", "{4CC18066-659E-4A46-ABB2-B3120957D0E3}"
EndProject
Project("{FAE04EC0-301F-11D3-BF4B-00C04F79EFBC}") = "EMIS.EventBus", "src\BuildingBlocks\EMIS.EventBus\EMIS.EventBus.csproj", "{B258AFCE-DB31-41FF-BBB0-DB18475BF1C2}"
EndProject
Project("{2150E333-8FDC-42A3-9474-1A3956D46DE8}") = "Services", "Services", "{984BB9B3-3FA3-BE33-9484-CAC21695A33C}"
EndProject
Project("{2150E333-8FDC-42A3-9474-1A3956D46DE8}") = "Identity", "Identity", "{1BFC9479-12BF-35C3-06B8-42D89D95092B}"
EndProject
Project("{FAE04EC0-301F-11D3-BF4B-00C04F79EFBC}") = "Identity.API", "src\Services\Identity\Identity.API\Identity.API.csproj", "{FCA63FEB-1A53-4A41-A378-48BAA128FFA5}"
EndProject
Project("{FAE04EC0-301F-11D3-BF4B-00C04F79EFBC}") = "Identity.Application", "src\Services\Identity\Identity.Application\Identity.Application.csproj", "{A912B0F1-B7FB-4E32-A2C8-5006D6318D9C}"
EndProject
Project("{FAE04EC0-301F-11D3-BF4B-00C04F79EFBC}") = "Identity.Domain", "src\Services\Identity\Identity.Domain\Identity.Domain.csproj", "{3C6CD4AA-BEFD-4F06-9186-9B313441337B}"
EndProject
Project("{FAE04EC0-301F-11D3-BF4B-00C04F79EFBC}") = "Identity.Infrastructure", "src\Services\Identity\Identity.Infrastructure\Identity.Infrastructure.csproj", "{AA002206-EFF3-46BD-B40F-09C015D1CF40}"
EndProject
Project("{2150E333-8FDC-42A3-9474-1A3956D46DE8}") = "Student", "Student", "{48A629CC-7F40-820C-15D0-1CC4F637048D}"
EndProject
Project("{FAE04EC0-301F-11D3-BF4B-00C04F79EFBC}") = "Student.API", "src\Services\Student\Student.API\Student.API.csproj", "{77CA1C21-3DF0-40F9-9B29-085CE32571C4}"
EndProject
Project("{FAE04EC0-301F-11D3-BF4B-00C04F79EFBC}") = "Student.Application", "src\Services\Student\Student.Application\Student.Application.csproj", "{14E5136F-949A-49F4-A0D7-8EB0A46FE118}"
EndProject
Project("{FAE04EC0-301F-11D3-BF4B-00C04F79EFBC}") = "Student.Domain", "src\Services\Student\Student.Domain\Student.Domain.csproj", "{D3868445-ED11-45C1-AB7B-5DDF2BE0484E}"
EndProject
Project("{FAE04EC0-301F-11D3-BF4B-00C04F79EFBC}") = "Student.Infrastructure", "src\Services\Student\Student.Infrastructure\Student.Infrastructure.csproj", "{5050909A-37C2-42AA-B7D3-2C3013D7CE65}"
EndProject
Project("{2150E333-8FDC-42A3-9474-1A3956D46DE8}") = "Teacher", "Teacher", "{00F984E3-23D1-4506-7672-CB0DACA61B5F}"
EndProject
Project("{FAE04EC0-301F-11D3-BF4B-00C04F79EFBC}") = "Teacher.API", "src\Services\Teacher\Teacher.API\Teacher.API.csproj", "{271AB539-24DC-4F74-9220-FBB71FA1D811}"
EndProject
Project("{FAE04EC0-301F-11D3-BF4B-00C04F79EFBC}") = "Teacher.Application", "src\Services\Teacher\Teacher.Application\Teacher.Application.csproj", "{D7670214-064E-447B-92AB-621A00634B58}"
EndProject
Project("{FAE04EC0-301F-11D3-BF4B-00C04F79EFBC}") = "Teacher.Domain", "src\Services\Teacher\Teacher.Domain\Teacher.Domain.csproj", "{352287D3-6463-48B3-9DCC-2254EFBBB435}"
EndProject
Project("{FAE04EC0-301F-11D3-BF4B-00C04F79EFBC}") = "Teacher.Infrastructure", "src\Services\Teacher\Teacher.Infrastructure\Teacher.Infrastructure.csproj", "{AF9A014D-EB94-41D1-936A-C9D76F0FD062}"
EndProject
Project("{2150E333-8FDC-42A3-9474-1A3956D46DE8}") = "Attendance", "Attendance", "{CCB037B1-8887-5A16-D510-C5142074CF12}"
EndProject
Project("{FAE04EC0-301F-11D3-BF4B-00C04F79EFBC}") = "Attendance.API", "src\Services\Attendance\Attendance.API\Attendance.API.csproj", "{258EA57F-E720-43AA-931E-2C3C064653E2}"
EndProject
Project("{FAE04EC0-301F-11D3-BF4B-00C04F79EFBC}") = "Attendance.Application", "src\Services\Attendance\Attendance.Application\Attendance.Application.csproj", "{ADC6C426-77B2-4E28-86DC-D3B16626D0EB}"
EndProject
Project("{FAE04EC0-301F-11D3-BF4B-00C04F79EFBC}") = "Attendance.Domain", "src\Services\Attendance\Attendance.Domain\Attendance.Domain.csproj", "{A1E8F9CE-F11C-4457-867D-16D74FE77C8B}"
EndProject
Project("{FAE04EC0-301F-11D3-BF4B-00C04F79EFBC}") = "Attendance.Infrastructure", "src\Services\Attendance\Attendance.Infrastructure\Attendance.Infrastructure.csproj", "{B9EA5470-9168-4F6C-87FE-F4296ACC051F}"
EndProject
Project("{2150E333-8FDC-42A3-9474-1A3956D46DE8}") = "Assessment", "Assessment", "{858DE5F2-8EA0-CEFD-0199-EB372F0288DC}"
EndProject
Project("{FAE04EC0-301F-11D3-BF4B-00C04F79EFBC}") = "Assessment.API", "src\Services\Assessment\Assessment.API\Assessment.API.csproj", "{4EAE9962-F4DB-468F-90FC-0A3008116372}"
EndProject
Project("{FAE04EC0-301F-11D3-BF4B-00C04F79EFBC}") = "Assessment.Application", "src\Services\Assessment\Assessment.Application\Assessment.Application.csproj", "{6AFCAEAD-21D4-4CA9-AAF5-8C0D659FC151}"
EndProject
Project("{FAE04EC0-301F-11D3-BF4B-00C04F79EFBC}") = "Assessment.Domain", "src\Services\Assessment\Assessment.Domain\Assessment.Domain.csproj", "{97CBCB07-7DBC-4ED9-8D17-F2A269F1542C}"
EndProject
Project("{FAE04EC0-301F-11D3-BF4B-00C04F79EFBC}") = "Assessment.Infrastructure", "src\Services\Assessment\Assessment.Infrastructure\Assessment.Infrastructure.csproj", "{A01302F6-697D-4362-8F04-68BA8E134317}"
EndProject
Project("{2150E333-8FDC-42A3-9474-1A3956D46DE8}") = "NewsFeed", "NewsFeed", "{8645D090-6A1C-59A0-59D6-425CEB862DCE}"
EndProject
Project("{FAE04EC0-301F-11D3-BF4B-00C04F79EFBC}") = "NewsFeed.API", "src\Services\NewsFeed\NewsFeed.API\NewsFeed.API.csproj", "{5CFDEF74-4202-47C2-A889-A9A74E9B9E4C}"
EndProject
Project("{FAE04EC0-301F-11D3-BF4B-00C04F79EFBC}") = "NewsFeed.Application", "src\Services\NewsFeed\NewsFeed.Application\NewsFeed.Application.csproj", "{117505CF-FC33-4EA0-BCD2-2C4B3DDFA0D3}"
EndProject
Project("{FAE04EC0-301F-11D3-BF4B-00C04F79EFBC}") = "NewsFeed.Domain", "src\Services\NewsFeed\NewsFeed.Domain\NewsFeed.Domain.csproj", "{C5DB7337-0492-43D8-9DF1-7EA7D24D4D0E}"
EndProject
Project("{FAE04EC0-301F-11D3-BF4B-00C04F79EFBC}") = "NewsFeed.Infrastructure", "src\Services\NewsFeed\NewsFeed.Infrastructure\NewsFeed.Infrastructure.csproj", "{4F5033B9-94B5-4A21-A761-021A884B57EC}"
EndProject
Project("{2150E333-8FDC-42A3-9474-1A3956D46DE8}") = "Chat", "Chat", "{DBEBE0B0-B5B0-423B-D75D-3F5D7183D7B8}"
EndProject
Project("{FAE04EC0-301F-11D3-BF4B-00C04F79EFBC}") = "Chat.API", "src\Services\Chat\Chat.API\Chat.API.csproj", "{031E0B2B-C6B2-42A3-B70C-DDF51569B462}"
EndProject
Project("{FAE04EC0-301F-11D3-BF4B-00C04F79EFBC}") = "Chat.Application", "src\Services\Chat\Chat.Application\Chat.Application.csproj", "{BFA0AB1D-577F-45A0-AB9E-1EBFC0FF0801}"
EndProject
Project("{FAE04EC0-301F-11D3-BF4B-00C04F79EFBC}") = "Chat.Domain", "src\Services\Chat\Chat.Domain\Chat.Domain.csproj", "{277AFB09-887A-4106-A683-ABF3179608EF}"
EndProject
Project("{FAE04EC0-301F-11D3-BF4B-00C04F79EFBC}") = "Chat.Infrastructure", "src\Services\Chat\Chat.Infrastructure\Chat.Infrastructure.csproj", "{126CF049-4C4C-4050-85F0-91C49245A24D}"
EndProject
Project("{2150E333-8FDC-42A3-9474-1A3956D46DE8}") = "Payment", "Payment", "{3FB03296-F262-2760-9861-73C41AF3766C}"
EndProject
Project("{FAE04EC0-301F-11D3-BF4B-00C04F79EFBC}") = "Payment.API", "src\Services\Payment\Payment.API\Payment.API.csproj", "{5D2C5D6B-FDC6-4412-AFFC-3D42E9A6DA01}"
EndProject
Project("{FAE04EC0-301F-11D3-BF4B-00C04F79EFBC}") = "Payment.Application", "src\Services\Payment\Payment.Application\Payment.Application.csproj", "{C6C6CAC3-F1AC-4108-9CF6-C432AE035F08}"
EndProject
Project("{FAE04EC0-301F-11D3-BF4B-00C04F79EFBC}") = "Payment.Domain", "src\Services\Payment\Payment.Domain\Payment.Domain.csproj", "{B03531D9-8E2A-4B7D-84B6-393A871E86BD}"
EndProject
Project("{FAE04EC0-301F-11D3-BF4B-00C04F79EFBC}") = "Payment.Infrastructure", "src\Services\Payment\Payment.Infrastructure\Payment.Infrastructure.csproj", "{D3C50191-736C-4C56-BEEB-9F1B1AE8D722}"
EndProject
Project("{2150E333-8FDC-42A3-9474-1A3956D46DE8}") = "Menu", "Menu", "{4678B932-6214-066A-07FD-5E217802A2A5}"
EndProject
Project("{FAE04EC0-301F-11D3-BF4B-00C04F79EFBC}") = "Menu.API", "src\Services\Menu\Menu.API\Menu.API.csproj", "{88C01003-716B-4596-8760-329BDA299000}"
EndProject
Project("{FAE04EC0-301F-11D3-BF4B-00C04F79EFBC}") = "Menu.Application", "src\Services\Menu\Menu.Application\Menu.Application.csproj", "{187A1CB4-BADC-4C79-828E-CFFEF301D901}"
EndProject
Project("{FAE04EC0-301F-11D3-BF4B-00C04F79EFBC}") = "Menu.Domain", "src\Services\Menu\Menu.Domain\Menu.Domain.csproj", "{53C3F281-3945-44E1-BFD2-E9E4579E4D76}"
EndProject
Project("{FAE04EC0-301F-11D3-BF4B-00C04F79EFBC}") = "Menu.Infrastructure", "src\Services\Menu\Menu.Infrastructure\Menu.Infrastructure.csproj", "{9D4EC24F-0A10-4FAE-A8A0-B4B92D15B299}"
EndProject
Project("{2150E333-8FDC-42A3-9474-1A3956D46DE8}") = "Leave", "Leave", "{44926F06-90B6-0D89-49E2-F6DD77DAA27E}"
EndProject
Project("{FAE04EC0-301F-11D3-BF4B-00C04F79EFBC}") = "Leave.API", "src\Services\Leave\Leave.API\Leave.API.csproj", "{DB6CBC7B-AF96-453D-B50E-FEC6319448D0}"
EndProject
Project("{FAE04EC0-301F-11D3-BF4B-00C04F79EFBC}") = "Leave.Application", "src\Services\Leave\Leave.Application\Leave.Application.csproj", "{5C47A2A0-D92A-42CD-8AE7-58094645E786}"
EndProject
Project("{FAE04EC0-301F-11D3-BF4B-00C04F79EFBC}") = "Leave.Domain", "src\Services\Leave\Leave.Domain\Leave.Domain.csproj", "{DB12C82B-14A3-4EE6-9576-B0DCB332C544}"
EndProject
Project("{FAE04EC0-301F-11D3-BF4B-00C04F79EFBC}") = "Leave.Infrastructure", "src\Services\Leave\Leave.Infrastructure\Leave.Infrastructure.csproj", "{4C0188C4-7993-4816-8BE3-E874B6E1FF5E}"
EndProject
Project("{2150E333-8FDC-42A3-9474-1A3956D46DE8}") = "Camera", "Camera", "{349332C1-2AAA-F892-C221-14C69DF1561D}"
EndProject
Project("{FAE04EC0-301F-11D3-BF4B-00C04F79EFBC}") = "Camera.API", "src\Services\Camera\Camera.API\Camera.API.csproj", "{A96D632E-6B02-4CC5-97DA-41AAF6515ED8}"
EndProject
Project("{FAE04EC0-301F-11D3-BF4B-00C04F79EFBC}") = "Camera.Application", "src\Services\Camera\Camera.Application\Camera.Application.csproj", "{19F8D4EE-B4FE-4F0A-9774-557AD86A5D53}"
EndProject
Project("{FAE04EC0-301F-11D3-BF4B-00C04F79EFBC}") = "Camera.Domain", "src\Services\Camera\Camera.Domain\Camera.Domain.csproj", "{0C9DB09B-4B0D-4564-8923-883197F238A1}"
EndProject
Project("{FAE04EC0-301F-11D3-BF4B-00C04F79EFBC}") = "Camera.Infrastructure", "src\Services\Camera\Camera.Infrastructure\Camera.Infrastructure.csproj", "{1329D81F-8830-4949-A8E4-1DEB26CA8D95}"
EndProject
Project("{2150E333-8FDC-42A3-9474-1A3956D46DE8}") = "Report", "Report", "{EA21366C-CA10-58A8-F467-82E475E18730}"
EndProject
Project("{FAE04EC0-301F-11D3-BF4B-00C04F79EFBC}") = "Report.API", "src\Services\Report\Report.API\Report.API.csproj", "{C15953CD-18C7-4FE5-83FB-59CDC18B2BC6}"
EndProject
Project("{FAE04EC0-301F-11D3-BF4B-00C04F79EFBC}") = "Report.Application", "src\Services\Report\Report.Application\Report.Application.csproj", "{8D3B1E5C-DA67-4682-9B68-55E04BFC4343}"
EndProject
Project("{FAE04EC0-301F-11D3-BF4B-00C04F79EFBC}") = "Report.Domain", "src\Services\Report\Report.Domain\Report.Domain.csproj", "{43D451E3-BEE9-4D95-9347-5A3FFFCD80DF}"
EndProject
Project("{FAE04EC0-301F-11D3-BF4B-00C04F79EFBC}") = "Report.Infrastructure", "src\Services\Report\Report.Infrastructure\Report.Infrastructure.csproj", "{E747C65A-41C9-4697-8778-2AE0DF2AA3A0}"
EndProject
Project("{2150E333-8FDC-42A3-9474-1A3956D46DE8}") = "Notification", "Notification", "{C5FBE174-8E0F-F5A3-B929-8BD0C55C0A32}"
EndProject
Project("{FAE04EC0-301F-11D3-BF4B-00C04F79EFBC}") = "Notification.API", "src\Services\Notification\Notification.API\Notification.API.csproj", "{B9B53A09-E598-4F70-8705-9EF1DF318D46}"
EndProject
Project("{FAE04EC0-301F-11D3-BF4B-00C04F79EFBC}") = "Notification.Application", "src\Services\Notification\Notification.Application\Notification.Application.csproj", "{14BAFAFE-36A1-4EE5-8798-68199177E20E}"
EndProject
Project("{FAE04EC0-301F-11D3-BF4B-00C04F79EFBC}") = "Notification.Domain", "src\Services\Notification\Notification.Domain\Notification.Domain.csproj", "{6E7037F7-B5B6-4FA9-8543-2823180EFCE2}"
EndProject
Project("{FAE04EC0-301F-11D3-BF4B-00C04F79EFBC}") = "Notification.Infrastructure", "src\Services\Notification\Notification.Infrastructure\Notification.Infrastructure.csproj", "{F60902E3-C729-4618-A073-8BA2FC898F81}"
EndProject
Project("{2150E333-8FDC-42A3-9474-1A3956D46DE8}") = "ApiGateway", "ApiGateway", "{FCA01246-F2C6-0AA7-D43F-FD13BE0B9D88}"
EndProject
Project("{FAE04EC0-301F-11D3-BF4B-00C04F79EFBC}") = "ApiGateway", "src\ApiGateway\ApiGateway\ApiGateway.csproj", "{165BF52C-F236-4A42-9AF7-C0FAE1084D5B}"
EndProject
Project("{2150E333-8FDC-42A3-9474-1A3956D46DE8}") = "tests", "tests", "{0AB3BF05-4346-4AA6-1389-037BE0695223}"
EndProject
Project("{FAE04EC0-301F-11D3-BF4B-00C04F79EFBC}") = "UnitTests", "tests\UnitTests\UnitTests.csproj", "{95F1508E-98F5-4484-8CC8-EF72F4E38B2B}"
EndProject
Project("{FAE04EC0-301F-11D3-BF4B-00C04F79EFBC}") = "IntegrationTests", "tests\IntegrationTests\IntegrationTests.csproj", "{C2A7F29C-F0E5-405D-99DB-713D2BDA99FE}"
EndProject
Project("{FAE04EC0-301F-11D3-BF4B-00C04F79EFBC}") = "Chat.Worker", "src\Services\Chat\Chat.Worker\Chat.Worker.csproj", "{42B07926-951C-45AC-B923-C0E309853F42}"
EndProject
Global
	GlobalSection(SolutionConfigurationPlatforms) = preSolution
		Debug|Any CPU = Debug|Any CPU
		Debug|x64 = Debug|x64
		Debug|x86 = Debug|x86
		Release|Any CPU = Release|Any CPU
		Release|x64 = Release|x64
		Release|x86 = Release|x86
	EndGlobalSection
	GlobalSection(ProjectConfigurationPlatforms) = postSolution
		{88F5226B-2951-4EBA-8A4B-299C35156C8B}.Debug|Any CPU.ActiveCfg = Debug|Any CPU
		{88F5226B-2951-4EBA-8A4B-299C35156C8B}.Debug|Any CPU.Build.0 = Debug|Any CPU
		{88F5226B-2951-4EBA-8A4B-299C35156C8B}.Debug|x64.ActiveCfg = Debug|Any CPU
		{88F5226B-2951-4EBA-8A4B-299C35156C8B}.Debug|x64.Build.0 = Debug|Any CPU
		{88F5226B-2951-4EBA-8A4B-299C35156C8B}.Debug|x86.ActiveCfg = Debug|Any CPU
		{88F5226B-2951-4EBA-8A4B-299C35156C8B}.Debug|x86.Build.0 = Debug|Any CPU
		{88F5226B-2951-4EBA-8A4B-299C35156C8B}.Release|Any CPU.ActiveCfg = Release|Any CPU
		{88F5226B-2951-4EBA-8A4B-299C35156C8B}.Release|Any CPU.Build.0 = Release|Any CPU
		{88F5226B-2951-4EBA-8A4B-299C35156C8B}.Release|x64.ActiveCfg = Release|Any CPU
		{88F5226B-2951-4EBA-8A4B-299C35156C8B}.Release|x64.Build.0 = Release|Any CPU
		{88F5226B-2951-4EBA-8A4B-299C35156C8B}.Release|x86.ActiveCfg = Release|Any CPU
		{88F5226B-2951-4EBA-8A4B-299C35156C8B}.Release|x86.Build.0 = Release|Any CPU
		{4CC18066-659E-4A46-ABB2-B3120957D0E3}.Debug|Any CPU.ActiveCfg = Debug|Any CPU
		{4CC18066-659E-4A46-ABB2-B3120957D0E3}.Debug|Any CPU.Build.0 = Debug|Any CPU
		{4CC18066-659E-4A46-ABB2-B3120957D0E3}.Debug|x64.ActiveCfg = Debug|Any CPU
		{4CC18066-659E-4A46-ABB2-B3120957D0E3}.Debug|x64.Build.0 = Debug|Any CPU
		{4CC18066-659E-4A46-ABB2-B3120957D0E3}.Debug|x86.ActiveCfg = Debug|Any CPU
		{4CC18066-659E-4A46-ABB2-B3120957D0E3}.Debug|x86.Build.0 = Debug|Any CPU
		{4CC18066-659E-4A46-ABB2-B3120957D0E3}.Release|Any CPU.ActiveCfg = Release|Any CPU
		{4CC18066-659E-4A46-ABB2-B3120957D0E3}.Release|Any CPU.Build.0 = Release|Any CPU
		{4CC18066-659E-4A46-ABB2-B3120957D0E3}.Release|x64.ActiveCfg = Release|Any CPU
		{4CC18066-659E-4A46-ABB2-B3120957D0E3}.Release|x64.Build.0 = Release|Any CPU
		{4CC18066-659E-4A46-ABB2-B3120957D0E3}.Release|x86.ActiveCfg = Release|Any CPU
		{4CC18066-659E-4A46-ABB2-B3120957D0E3}.Release|x86.Build.0 = Release|Any CPU
		{B258AFCE-DB31-41FF-BBB0-DB18475BF1C2}.Debug|Any CPU.ActiveCfg = Debug|Any CPU
		{B258AFCE-DB31-41FF-BBB0-DB18475BF1C2}.Debug|Any CPU.Build.0 = Debug|Any CPU
		{B258AFCE-DB31-41FF-BBB0-DB18475BF1C2}.Debug|x64.ActiveCfg = Debug|Any CPU
		{B258AFCE-DB31-41FF-BBB0-DB18475BF1C2}.Debug|x64.Build.0 = Debug|Any CPU
		{B258AFCE-DB31-41FF-BBB0-DB18475BF1C2}.Debug|x86.ActiveCfg = Debug|Any CPU
		{B258AFCE-DB31-41FF-BBB0-DB18475BF1C2}.Debug|x86.Build.0 = Debug|Any CPU
		{B258AFCE-DB31-41FF-BBB0-DB18475BF1C2}.Release|Any CPU.ActiveCfg = Release|Any CPU
		{B258AFCE-DB31-41FF-BBB0-DB18475BF1C2}.Release|Any CPU.Build.0 = Release|Any CPU
		{B258AFCE-DB31-41FF-BBB0-DB18475BF1C2}.Release|x64.ActiveCfg = Release|Any CPU
		{B258AFCE-DB31-41FF-BBB0-DB18475BF1C2}.Release|x64.Build.0 = Release|Any CPU
		{B258AFCE-DB31-41FF-BBB0-DB18475BF1C2}.Release|x86.ActiveCfg = Release|Any CPU
		{B258AFCE-DB31-41FF-BBB0-DB18475BF1C2}.Release|x86.Build.0 = Release|Any CPU
		{FCA63FEB-1A53-4A41-A378-48BAA128FFA5}.Debug|Any CPU.ActiveCfg = Debug|Any CPU
		{FCA63FEB-1A53-4A41-A378-48BAA128FFA5}.Debug|Any CPU.Build.0 = Debug|Any CPU
		{FCA63FEB-1A53-4A41-A378-48BAA128FFA5}.Debug|x64.ActiveCfg = Debug|Any CPU
		{FCA63FEB-1A53-4A41-A378-48BAA128FFA5}.Debug|x64.Build.0 = Debug|Any CPU
		{FCA63FEB-1A53-4A41-A378-48BAA128FFA5}.Debug|x86.ActiveCfg = Debug|Any CPU
		{FCA63FEB-1A53-4A41-A378-48BAA128FFA5}.Debug|x86.Build.0 = Debug|Any CPU
		{FCA63FEB-1A53-4A41-A378-48BAA128FFA5}.Release|Any CPU.ActiveCfg = Release|Any CPU
		{FCA63FEB-1A53-4A41-A378-48BAA128FFA5}.Release|Any CPU.Build.0 = Release|Any CPU
		{FCA63FEB-1A53-4A41-A378-48BAA128FFA5}.Release|x64.ActiveCfg = Release|Any CPU
		{FCA63FEB-1A53-4A41-A378-48BAA128FFA5}.Release|x64.Build.0 = Release|Any CPU
		{FCA63FEB-1A53-4A41-A378-48BAA128FFA5}.Release|x86.ActiveCfg = Release|Any CPU
		{FCA63FEB-1A53-4A41-A378-48BAA128FFA5}.Release|x86.Build.0 = Release|Any CPU
		{A912B0F1-B7FB-4E32-A2C8-5006D6318D9C}.Debug|Any CPU.ActiveCfg = Debug|Any CPU
		{A912B0F1-B7FB-4E32-A2C8-5006D6318D9C}.Debug|Any CPU.Build.0 = Debug|Any CPU
		{A912B0F1-B7FB-4E32-A2C8-5006D6318D9C}.Debug|x64.ActiveCfg = Debug|Any CPU
		{A912B0F1-B7FB-4E32-A2C8-5006D6318D9C}.Debug|x64.Build.0 = Debug|Any CPU
		{A912B0F1-B7FB-4E32-A2C8-5006D6318D9C}.Debug|x86.ActiveCfg = Debug|Any CPU
		{A912B0F1-B7FB-4E32-A2C8-5006D6318D9C}.Debug|x86.Build.0 = Debug|Any CPU
		{A912B0F1-B7FB-4E32-A2C8-5006D6318D9C}.Release|Any CPU.ActiveCfg = Release|Any CPU
		{A912B0F1-B7FB-4E32-A2C8-5006D6318D9C}.Release|Any CPU.Build.0 = Release|Any CPU
		{A912B0F1-B7FB-4E32-A2C8-5006D6318D9C}.Release|x64.ActiveCfg = Release|Any CPU
		{A912B0F1-B7FB-4E32-A2C8-5006D6318D9C}.Release|x64.Build.0 = Release|Any CPU
		{A912B0F1-B7FB-4E32-A2C8-5006D6318D9C}.Release|x86.ActiveCfg = Release|Any CPU
		{A912B0F1-B7FB-4E32-A2C8-5006D6318D9C}.Release|x86.Build.0 = Release|Any CPU
		{3C6CD4AA-BEFD-4F06-9186-9B313441337B}.Debug|Any CPU.ActiveCfg = Debug|Any CPU
		{3C6CD4AA-BEFD-4F06-9186-9B313441337B}.Debug|Any CPU.Build.0 = Debug|Any CPU
		{3C6CD4AA-BEFD-4F06-9186-9B313441337B}.Debug|x64.ActiveCfg = Debug|Any CPU
		{3C6CD4AA-BEFD-4F06-9186-9B313441337B}.Debug|x64.Build.0 = Debug|Any CPU
		{3C6CD4AA-BEFD-4F06-9186-9B313441337B}.Debug|x86.ActiveCfg = Debug|Any CPU
		{3C6CD4AA-BEFD-4F06-9186-9B313441337B}.Debug|x86.Build.0 = Debug|Any CPU
		{3C6CD4AA-BEFD-4F06-9186-9B313441337B}.Release|Any CPU.ActiveCfg = Release|Any CPU
		{3C6CD4AA-BEFD-4F06-9186-9B313441337B}.Release|Any CPU.Build.0 = Release|Any CPU
		{3C6CD4AA-BEFD-4F06-9186-9B313441337B}.Release|x64.ActiveCfg = Release|Any CPU
		{3C6CD4AA-BEFD-4F06-9186-9B313441337B}.Release|x64.Build.0 = Release|Any CPU
		{3C6CD4AA-BEFD-4F06-9186-9B313441337B}.Release|x86.ActiveCfg = Release|Any CPU
		{3C6CD4AA-BEFD-4F06-9186-9B313441337B}.Release|x86.Build.0 = Release|Any CPU
		{AA002206-EFF3-46BD-B40F-09C015D1CF40}.Debug|Any CPU.ActiveCfg = Debug|Any CPU
		{AA002206-EFF3-46BD-B40F-09C015D1CF40}.Debug|Any CPU.Build.0 = Debug|Any CPU
		{AA002206-EFF3-46BD-B40F-09C015D1CF40}.Debug|x64.ActiveCfg = Debug|Any CPU
		{AA002206-EFF3-46BD-B40F-09C015D1CF40}.Debug|x64.Build.0 = Debug|Any CPU
		{AA002206-EFF3-46BD-B40F-09C015D1CF40}.Debug|x86.ActiveCfg = Debug|Any CPU
		{AA002206-EFF3-46BD-B40F-09C015D1CF40}.Debug|x86.Build.0 = Debug|Any CPU
		{AA002206-EFF3-46BD-B40F-09C015D1CF40}.Release|Any CPU.ActiveCfg = Release|Any CPU
		{AA002206-EFF3-46BD-B40F-09C015D1CF40}.Release|Any CPU.Build.0 = Release|Any CPU
		{AA002206-EFF3-46BD-B40F-09C015D1CF40}.Release|x64.ActiveCfg = Release|Any CPU
		{AA002206-EFF3-46BD-B40F-09C015D1CF40}.Release|x64.Build.0 = Release|Any CPU
		{AA002206-EFF3-46BD-B40F-09C015D1CF40}.Release|x86.ActiveCfg = Release|Any CPU
		{AA002206-EFF3-46BD-B40F-09C015D1CF40}.Release|x86.Build.0 = Release|Any CPU
		{77CA1C21-3DF0-40F9-9B29-085CE32571C4}.Debug|Any CPU.ActiveCfg = Debug|Any CPU
		{77CA1C21-3DF0-40F9-9B29-085CE32571C4}.Debug|Any CPU.Build.0 = Debug|Any CPU
		{77CA1C21-3DF0-40F9-9B29-085CE32571C4}.Debug|x64.ActiveCfg = Debug|Any CPU
		{77CA1C21-3DF0-40F9-9B29-085CE32571C4}.Debug|x64.Build.0 = Debug|Any CPU
		{77CA1C21-3DF0-40F9-9B29-085CE32571C4}.Debug|x86.ActiveCfg = Debug|Any CPU
		{77CA1C21-3DF0-40F9-9B29-085CE32571C4}.Debug|x86.Build.0 = Debug|Any CPU
		{77CA1C21-3DF0-40F9-9B29-085CE32571C4}.Release|Any CPU.ActiveCfg = Release|Any CPU
		{77CA1C21-3DF0-40F9-9B29-085CE32571C4}.Release|Any CPU.Build.0 = Release|Any CPU
		{77CA1C21-3DF0-40F9-9B29-085CE32571C4}.Release|x64.ActiveCfg = Release|Any CPU
		{77CA1C21-3DF0-40F9-9B29-085CE32571C4}.Release|x64.Build.0 = Release|Any CPU
		{77CA1C21-3DF0-40F9-9B29-085CE32571C4}.Release|x86.ActiveCfg = Release|Any CPU
		{77CA1C21-3DF0-40F9-9B29-085CE32571C4}.Release|x86.Build.0 = Release|Any CPU
		{14E5136F-949A-49F4-A0D7-8EB0A46FE118}.Debug|Any CPU.ActiveCfg = Debug|Any CPU
		{14E5136F-949A-49F4-A0D7-8EB0A46FE118}.Debug|Any CPU.Build.0 = Debug|Any CPU
		{14E5136F-949A-49F4-A0D7-8EB0A46FE118}.Debug|x64.ActiveCfg = Debug|Any CPU
		{14E5136F-949A-49F4-A0D7-8EB0A46FE118}.Debug|x64.Build.0 = Debug|Any CPU
		{14E5136F-949A-49F4-A0D7-8EB0A46FE118}.Debug|x86.ActiveCfg = Debug|Any CPU
		{14E5136F-949A-49F4-A0D7-8EB0A46FE118}.Debug|x86.Build.0 = Debug|Any CPU
		{14E5136F-949A-49F4-A0D7-8EB0A46FE118}.Release|Any CPU.ActiveCfg = Release|Any CPU
		{14E5136F-949A-49F4-A0D7-8EB0A46FE118}.Release|Any CPU.Build.0 = Release|Any CPU
		{14E5136F-949A-49F4-A0D7-8EB0A46FE118}.Release|x64.ActiveCfg = Release|Any CPU
		{14E5136F-949A-49F4-A0D7-8EB0A46FE118}.Release|x64.Build.0 = Release|Any CPU
		{14E5136F-949A-49F4-A0D7-8EB0A46FE118}.Release|x86.ActiveCfg = Release|Any CPU
		{14E5136F-949A-49F4-A0D7-8EB0A46FE118}.Release|x86.Build.0 = Release|Any CPU
		{D3868445-ED11-45C1-AB7B-5DDF2BE0484E}.Debug|Any CPU.ActiveCfg = Debug|Any CPU
		{D3868445-ED11-45C1-AB7B-5DDF2BE0484E}.Debug|Any CPU.Build.0 = Debug|Any CPU
		{D3868445-ED11-45C1-AB7B-5DDF2BE0484E}.Debug|x64.ActiveCfg = Debug|Any CPU
		{D3868445-ED11-45C1-AB7B-5DDF2BE0484E}.Debug|x64.Build.0 = Debug|Any CPU
		{D3868445-ED11-45C1-AB7B-5DDF2BE0484E}.Debug|x86.ActiveCfg = Debug|Any CPU
		{D3868445-ED11-45C1-AB7B-5DDF2BE0484E}.Debug|x86.Build.0 = Debug|Any CPU
		{D3868445-ED11-45C1-AB7B-5DDF2BE0484E}.Release|Any CPU.ActiveCfg = Release|Any CPU
		{D3868445-ED11-45C1-AB7B-5DDF2BE0484E}.Release|Any CPU.Build.0 = Release|Any CPU
		{D3868445-ED11-45C1-AB7B-5DDF2BE0484E}.Release|x64.ActiveCfg = Release|Any CPU
		{D3868445-ED11-45C1-AB7B-5DDF2BE0484E}.Release|x64.Build.0 = Release|Any CPU
		{D3868445-ED11-45C1-AB7B-5DDF2BE0484E}.Release|x86.ActiveCfg = Release|Any CPU
		{D3868445-ED11-45C1-AB7B-5DDF2BE0484E}.Release|x86.Build.0 = Release|Any CPU
		{5050909A-37C2-42AA-B7D3-2C3013D7CE65}.Debug|Any CPU.ActiveCfg = Debug|Any CPU
		{5050909A-37C2-42AA-B7D3-2C3013D7CE65}.Debug|Any CPU.Build.0 = Debug|Any CPU
		{5050909A-37C2-42AA-B7D3-2C3013D7CE65}.Debug|x64.ActiveCfg = Debug|Any CPU
		{5050909A-37C2-42AA-B7D3-2C3013D7CE65}.Debug|x64.Build.0 = Debug|Any CPU
		{5050909A-37C2-42AA-B7D3-2C3013D7CE65}.Debug|x86.ActiveCfg = Debug|Any CPU
		{5050909A-37C2-42AA-B7D3-2C3013D7CE65}.Debug|x86.Build.0 = Debug|Any CPU
		{5050909A-37C2-42AA-B7D3-2C3013D7CE65}.Release|Any CPU.ActiveCfg = Release|Any CPU
		{5050909A-37C2-42AA-B7D3-2C3013D7CE65}.Release|Any CPU.Build.0 = Release|Any CPU
		{5050909A-37C2-42AA-B7D3-2C3013D7CE65}.Release|x64.ActiveCfg = Release|Any CPU
		{5050909A-37C2-42AA-B7D3-2C3013D7CE65}.Release|x64.Build.0 = Release|Any CPU
		{5050909A-37C2-42AA-B7D3-2C3013D7CE65}.Release|x86.ActiveCfg = Release|Any CPU
		{5050909A-37C2-42AA-B7D3-2C3013D7CE65}.Release|x86.Build.0 = Release|Any CPU
		{271AB539-24DC-4F74-9220-FBB71FA1D811}.Debug|Any CPU.ActiveCfg = Debug|Any CPU
		{271AB539-24DC-4F74-9220-FBB71FA1D811}.Debug|Any CPU.Build.0 = Debug|Any CPU
		{271AB539-24DC-4F74-9220-FBB71FA1D811}.Debug|x64.ActiveCfg = Debug|Any CPU
		{271AB539-24DC-4F74-9220-FBB71FA1D811}.Debug|x64.Build.0 = Debug|Any CPU
		{271AB539-24DC-4F74-9220-FBB71FA1D811}.Debug|x86.ActiveCfg = Debug|Any CPU
		{271AB539-24DC-4F74-9220-FBB71FA1D811}.Debug|x86.Build.0 = Debug|Any CPU
		{271AB539-24DC-4F74-9220-FBB71FA1D811}.Release|Any CPU.ActiveCfg = Release|Any CPU
		{271AB539-24DC-4F74-9220-FBB71FA1D811}.Release|Any CPU.Build.0 = Release|Any CPU
		{271AB539-24DC-4F74-9220-FBB71FA1D811}.Release|x64.ActiveCfg = Release|Any CPU
		{271AB539-24DC-4F74-9220-FBB71FA1D811}.Release|x64.Build.0 = Release|Any CPU
		{271AB539-24DC-4F74-9220-FBB71FA1D811}.Release|x86.ActiveCfg = Release|Any CPU
		{271AB539-24DC-4F74-9220-FBB71FA1D811}.Release|x86.Build.0 = Release|Any CPU
		{D7670214-064E-447B-92AB-621A00634B58}.Debug|Any CPU.ActiveCfg = Debug|Any CPU
		{D7670214-064E-447B-92AB-621A00634B58}.Debug|Any CPU.Build.0 = Debug|Any CPU
		{D7670214-064E-447B-92AB-621A00634B58}.Debug|x64.ActiveCfg = Debug|Any CPU
		{D7670214-064E-447B-92AB-621A00634B58}.Debug|x64.Build.0 = Debug|Any CPU
		{D7670214-064E-447B-92AB-621A00634B58}.Debug|x86.ActiveCfg = Debug|Any CPU
		{D7670214-064E-447B-92AB-621A00634B58}.Debug|x86.Build.0 = Debug|Any CPU
		{D7670214-064E-447B-92AB-621A00634B58}.Release|Any CPU.ActiveCfg = Release|Any CPU
		{D7670214-064E-447B-92AB-621A00634B58}.Release|Any CPU.Build.0 = Release|Any CPU
		{D7670214-064E-447B-92AB-621A00634B58}.Release|x64.ActiveCfg = Release|Any CPU
		{D7670214-064E-447B-92AB-621A00634B58}.Release|x64.Build.0 = Release|Any CPU
		{D7670214-064E-447B-92AB-621A00634B58}.Release|x86.ActiveCfg = Release|Any CPU
		{D7670214-064E-447B-92AB-621A00634B58}.Release|x86.Build.0 = Release|Any CPU
		{352287D3-6463-48B3-9DCC-2254EFBBB435}.Debug|Any CPU.ActiveCfg = Debug|Any CPU
		{352287D3-6463-48B3-9DCC-2254EFBBB435}.Debug|Any CPU.Build.0 = Debug|Any CPU
		{352287D3-6463-48B3-9DCC-2254EFBBB435}.Debug|x64.ActiveCfg = Debug|Any CPU
		{352287D3-6463-48B3-9DCC-2254EFBBB435}.Debug|x64.Build.0 = Debug|Any CPU
		{352287D3-6463-48B3-9DCC-2254EFBBB435}.Debug|x86.ActiveCfg = Debug|Any CPU
		{352287D3-6463-48B3-9DCC-2254EFBBB435}.Debug|x86.Build.0 = Debug|Any CPU
		{352287D3-6463-48B3-9DCC-2254EFBBB435}.Release|Any CPU.ActiveCfg = Release|Any CPU
		{352287D3-6463-48B3-9DCC-2254EFBBB435}.Release|Any CPU.Build.0 = Release|Any CPU
		{352287D3-6463-48B3-9DCC-2254EFBBB435}.Release|x64.ActiveCfg = Release|Any CPU
		{352287D3-6463-48B3-9DCC-2254EFBBB435}.Release|x64.Build.0 = Release|Any CPU
		{352287D3-6463-48B3-9DCC-2254EFBBB435}.Release|x86.ActiveCfg = Release|Any CPU
		{352287D3-6463-48B3-9DCC-2254EFBBB435}.Release|x86.Build.0 = Release|Any CPU
		{AF9A014D-EB94-41D1-936A-C9D76F0FD062}.Debug|Any CPU.ActiveCfg = Debug|Any CPU
		{AF9A014D-EB94-41D1-936A-C9D76F0FD062}.Debug|Any CPU.Build.0 = Debug|Any CPU
		{AF9A014D-EB94-41D1-936A-C9D76F0FD062}.Debug|x64.ActiveCfg = Debug|Any CPU
		{AF9A014D-EB94-41D1-936A-C9D76F0FD062}.Debug|x64.Build.0 = Debug|Any CPU
		{AF9A014D-EB94-41D1-936A-C9D76F0FD062}.Debug|x86.ActiveCfg = Debug|Any CPU
		{AF9A014D-EB94-41D1-936A-C9D76F0FD062}.Debug|x86.Build.0 = Debug|Any CPU
		{AF9A014D-EB94-41D1-936A-C9D76F0FD062}.Release|Any CPU.ActiveCfg = Release|Any CPU
		{AF9A014D-EB94-41D1-936A-C9D76F0FD062}.Release|Any CPU.Build.0 = Release|Any CPU
		{AF9A014D-EB94-41D1-936A-C9D76F0FD062}.Release|x64.ActiveCfg = Release|Any CPU
		{AF9A014D-EB94-41D1-936A-C9D76F0FD062}.Release|x64.Build.0 = Release|Any CPU
		{AF9A014D-EB94-41D1-936A-C9D76F0FD062}.Release|x86.ActiveCfg = Release|Any CPU
		{AF9A014D-EB94-41D1-936A-C9D76F0FD062}.Release|x86.Build.0 = Release|Any CPU
		{258EA57F-E720-43AA-931E-2C3C064653E2}.Debug|Any CPU.ActiveCfg = Debug|Any CPU
		{258EA57F-E720-43AA-931E-2C3C064653E2}.Debug|Any CPU.Build.0 = Debug|Any CPU
		{258EA57F-E720-43AA-931E-2C3C064653E2}.Debug|x64.ActiveCfg = Debug|Any CPU
		{258EA57F-E720-43AA-931E-2C3C064653E2}.Debug|x64.Build.0 = Debug|Any CPU
		{258EA57F-E720-43AA-931E-2C3C064653E2}.Debug|x86.ActiveCfg = Debug|Any CPU
		{258EA57F-E720-43AA-931E-2C3C064653E2}.Debug|x86.Build.0 = Debug|Any CPU
		{258EA57F-E720-43AA-931E-2C3C064653E2}.Release|Any CPU.ActiveCfg = Release|Any CPU
		{258EA57F-E720-43AA-931E-2C3C064653E2}.Release|Any CPU.Build.0 = Release|Any CPU
		{258EA57F-E720-43AA-931E-2C3C064653E2}.Release|x64.ActiveCfg = Release|Any CPU
		{258EA57F-E720-43AA-931E-2C3C064653E2}.Release|x64.Build.0 = Release|Any CPU
		{258EA57F-E720-43AA-931E-2C3C064653E2}.Release|x86.ActiveCfg = Release|Any CPU
		{258EA57F-E720-43AA-931E-2C3C064653E2}.Release|x86.Build.0 = Release|Any CPU
		{ADC6C426-77B2-4E28-86DC-D3B16626D0EB}.Debug|Any CPU.ActiveCfg = Debug|Any CPU
		{ADC6C426-77B2-4E28-86DC-D3B16626D0EB}.Debug|Any CPU.Build.0 = Debug|Any CPU
		{ADC6C426-77B2-4E28-86DC-D3B16626D0EB}.Debug|x64.ActiveCfg = Debug|Any CPU
		{ADC6C426-77B2-4E28-86DC-D3B16626D0EB}.Debug|x64.Build.0 = Debug|Any CPU
		{ADC6C426-77B2-4E28-86DC-D3B16626D0EB}.Debug|x86.ActiveCfg = Debug|Any CPU
		{ADC6C426-77B2-4E28-86DC-D3B16626D0EB}.Debug|x86.Build.0 = Debug|Any CPU
		{ADC6C426-77B2-4E28-86DC-D3B16626D0EB}.Release|Any CPU.ActiveCfg = Release|Any CPU
		{ADC6C426-77B2-4E28-86DC-D3B16626D0EB}.Release|Any CPU.Build.0 = Release|Any CPU
		{ADC6C426-77B2-4E28-86DC-D3B16626D0EB}.Release|x64.ActiveCfg = Release|Any CPU
		{ADC6C426-77B2-4E28-86DC-D3B16626D0EB}.Release|x64.Build.0 = Release|Any CPU
		{ADC6C426-77B2-4E28-86DC-D3B16626D0EB}.Release|x86.ActiveCfg = Release|Any CPU
		{ADC6C426-77B2-4E28-86DC-D3B16626D0EB}.Release|x86.Build.0 = Release|Any CPU
		{A1E8F9CE-F11C-4457-867D-16D74FE77C8B}.Debug|Any CPU.ActiveCfg = Debug|Any CPU
		{A1E8F9CE-F11C-4457-867D-16D74FE77C8B}.Debug|Any CPU.Build.0 = Debug|Any CPU
		{A1E8F9CE-F11C-4457-867D-16D74FE77C8B}.Debug|x64.ActiveCfg = Debug|Any CPU
		{A1E8F9CE-F11C-4457-867D-16D74FE77C8B}.Debug|x64.Build.0 = Debug|Any CPU
		{A1E8F9CE-F11C-4457-867D-16D74FE77C8B}.Debug|x86.ActiveCfg = Debug|Any CPU
		{A1E8F9CE-F11C-4457-867D-16D74FE77C8B}.Debug|x86.Build.0 = Debug|Any CPU
		{A1E8F9CE-F11C-4457-867D-16D74FE77C8B}.Release|Any CPU.ActiveCfg = Release|Any CPU
		{A1E8F9CE-F11C-4457-867D-16D74FE77C8B}.Release|Any CPU.Build.0 = Release|Any CPU
		{A1E8F9CE-F11C-4457-867D-16D74FE77C8B}.Release|x64.ActiveCfg = Release|Any CPU
		{A1E8F9CE-F11C-4457-867D-16D74FE77C8B}.Release|x64.Build.0 = Release|Any CPU
		{A1E8F9CE-F11C-4457-867D-16D74FE77C8B}.Release|x86.ActiveCfg = Release|Any CPU
		{A1E8F9CE-F11C-4457-867D-16D74FE77C8B}.Release|x86.Build.0 = Release|Any CPU
		{B9EA5470-9168-4F6C-87FE-F4296ACC051F}.Debug|Any CPU.ActiveCfg = Debug|Any CPU
		{B9EA5470-9168-4F6C-87FE-F4296ACC051F}.Debug|Any CPU.Build.0 = Debug|Any CPU
		{B9EA5470-9168-4F6C-87FE-F4296ACC051F}.Debug|x64.ActiveCfg = Debug|Any CPU
		{B9EA5470-9168-4F6C-87FE-F4296ACC051F}.Debug|x64.Build.0 = Debug|Any CPU
		{B9EA5470-9168-4F6C-87FE-F4296ACC051F}.Debug|x86.ActiveCfg = Debug|Any CPU
		{B9EA5470-9168-4F6C-87FE-F4296ACC051F}.Debug|x86.Build.0 = Debug|Any CPU
		{B9EA5470-9168-4F6C-87FE-F4296ACC051F}.Release|Any CPU.ActiveCfg = Release|Any CPU
		{B9EA5470-9168-4F6C-87FE-F4296ACC051F}.Release|Any CPU.Build.0 = Release|Any CPU
		{B9EA5470-9168-4F6C-87FE-F4296ACC051F}.Release|x64.ActiveCfg = Release|Any CPU
		{B9EA5470-9168-4F6C-87FE-F4296ACC051F}.Release|x64.Build.0 = Release|Any CPU
		{B9EA5470-9168-4F6C-87FE-F4296ACC051F}.Release|x86.ActiveCfg = Release|Any CPU
		{B9EA5470-9168-4F6C-87FE-F4296ACC051F}.Release|x86.Build.0 = Release|Any CPU
		{4EAE9962-F4DB-468F-90FC-0A3008116372}.Debug|Any CPU.ActiveCfg = Debug|Any CPU
		{4EAE9962-F4DB-468F-90FC-0A3008116372}.Debug|Any CPU.Build.0 = Debug|Any CPU
		{4EAE9962-F4DB-468F-90FC-0A3008116372}.Debug|x64.ActiveCfg = Debug|Any CPU
		{4EAE9962-F4DB-468F-90FC-0A3008116372}.Debug|x64.Build.0 = Debug|Any CPU
		{4EAE9962-F4DB-468F-90FC-0A3008116372}.Debug|x86.ActiveCfg = Debug|Any CPU
		{4EAE9962-F4DB-468F-90FC-0A3008116372}.Debug|x86.Build.0 = Debug|Any CPU
		{4EAE9962-F4DB-468F-90FC-0A3008116372}.Release|Any CPU.ActiveCfg = Release|Any CPU
		{4EAE9962-F4DB-468F-90FC-0A3008116372}.Release|Any CPU.Build.0 = Release|Any CPU
		{4EAE9962-F4DB-468F-90FC-0A3008116372}.Release|x64.ActiveCfg = Release|Any CPU
		{4EAE9962-F4DB-468F-90FC-0A3008116372}.Release|x64.Build.0 = Release|Any CPU
		{4EAE9962-F4DB-468F-90FC-0A3008116372}.Release|x86.ActiveCfg = Release|Any CPU
		{4EAE9962-F4DB-468F-90FC-0A3008116372}.Release|x86.Build.0 = Release|Any CPU
		{6AFCAEAD-21D4-4CA9-AAF5-8C0D659FC151}.Debug|Any CPU.ActiveCfg = Debug|Any CPU
		{6AFCAEAD-21D4-4CA9-AAF5-8C0D659FC151}.Debug|Any CPU.Build.0 = Debug|Any CPU
		{6AFCAEAD-21D4-4CA9-AAF5-8C0D659FC151}.Debug|x64.ActiveCfg = Debug|Any CPU
		{6AFCAEAD-21D4-4CA9-AAF5-8C0D659FC151}.Debug|x64.Build.0 = Debug|Any CPU
		{6AFCAEAD-21D4-4CA9-AAF5-8C0D659FC151}.Debug|x86.ActiveCfg = Debug|Any CPU
		{6AFCAEAD-21D4-4CA9-AAF5-8C0D659FC151}.Debug|x86.Build.0 = Debug|Any CPU
		{6AFCAEAD-21D4-4CA9-AAF5-8C0D659FC151}.Release|Any CPU.ActiveCfg = Release|Any CPU
		{6AFCAEAD-21D4-4CA9-AAF5-8C0D659FC151}.Release|Any CPU.Build.0 = Release|Any CPU
		{6AFCAEAD-21D4-4CA9-AAF5-8C0D659FC151}.Release|x64.ActiveCfg = Release|Any CPU
		{6AFCAEAD-21D4-4CA9-AAF5-8C0D659FC151}.Release|x64.Build.0 = Release|Any CPU
		{6AFCAEAD-21D4-4CA9-AAF5-8C0D659FC151}.Release|x86.ActiveCfg = Release|Any CPU
		{6AFCAEAD-21D4-4CA9-AAF5-8C0D659FC151}.Release|x86.Build.0 = Release|Any CPU
		{97CBCB07-7DBC-4ED9-8D17-F2A269F1542C}.Debug|Any CPU.ActiveCfg = Debug|Any CPU
		{97CBCB07-7DBC-4ED9-8D17-F2A269F1542C}.Debug|Any CPU.Build.0 = Debug|Any CPU
		{97CBCB07-7DBC-4ED9-8D17-F2A269F1542C}.Debug|x64.ActiveCfg = Debug|Any CPU
		{97CBCB07-7DBC-4ED9-8D17-F2A269F1542C}.Debug|x64.Build.0 = Debug|Any CPU
		{97CBCB07-7DBC-4ED9-8D17-F2A269F1542C}.Debug|x86.ActiveCfg = Debug|Any CPU
		{97CBCB07-7DBC-4ED9-8D17-F2A269F1542C}.Debug|x86.Build.0 = Debug|Any CPU
		{97CBCB07-7DBC-4ED9-8D17-F2A269F1542C}.Release|Any CPU.ActiveCfg = Release|Any CPU
		{97CBCB07-7DBC-4ED9-8D17-F2A269F1542C}.Release|Any CPU.Build.0 = Release|Any CPU
		{97CBCB07-7DBC-4ED9-8D17-F2A269F1542C}.Release|x64.ActiveCfg = Release|Any CPU
		{97CBCB07-7DBC-4ED9-8D17-F2A269F1542C}.Release|x64.Build.0 = Release|Any CPU
		{97CBCB07-7DBC-4ED9-8D17-F2A269F1542C}.Release|x86.ActiveCfg = Release|Any CPU
		{97CBCB07-7DBC-4ED9-8D17-F2A269F1542C}.Release|x86.Build.0 = Release|Any CPU
		{A01302F6-697D-4362-8F04-68BA8E134317}.Debug|Any CPU.ActiveCfg = Debug|Any CPU
		{A01302F6-697D-4362-8F04-68BA8E134317}.Debug|Any CPU.Build.0 = Debug|Any CPU
		{A01302F6-697D-4362-8F04-68BA8E134317}.Debug|x64.ActiveCfg = Debug|Any CPU
		{A01302F6-697D-4362-8F04-68BA8E134317}.Debug|x64.Build.0 = Debug|Any CPU
		{A01302F6-697D-4362-8F04-68BA8E134317}.Debug|x86.ActiveCfg = Debug|Any CPU
		{A01302F6-697D-4362-8F04-68BA8E134317}.Debug|x86.Build.0 = Debug|Any CPU
		{A01302F6-697D-4362-8F04-68BA8E134317}.Release|Any CPU.ActiveCfg = Release|Any CPU
		{A01302F6-697D-4362-8F04-68BA8E134317}.Release|Any CPU.Build.0 = Release|Any CPU
		{A01302F6-697D-4362-8F04-68BA8E134317}.Release|x64.ActiveCfg = Release|Any CPU
		{A01302F6-697D-4362-8F04-68BA8E134317}.Release|x64.Build.0 = Release|Any CPU
		{A01302F6-697D-4362-8F04-68BA8E134317}.Release|x86.ActiveCfg = Release|Any CPU
		{A01302F6-697D-4362-8F04-68BA8E134317}.Release|x86.Build.0 = Release|Any CPU
		{5CFDEF74-4202-47C2-A889-A9A74E9B9E4C}.Debug|Any CPU.ActiveCfg = Debug|Any CPU
		{5CFDEF74-4202-47C2-A889-A9A74E9B9E4C}.Debug|Any CPU.Build.0 = Debug|Any CPU
		{5CFDEF74-4202-47C2-A889-A9A74E9B9E4C}.Debug|x64.ActiveCfg = Debug|Any CPU
		{5CFDEF74-4202-47C2-A889-A9A74E9B9E4C}.Debug|x64.Build.0 = Debug|Any CPU
		{5CFDEF74-4202-47C2-A889-A9A74E9B9E4C}.Debug|x86.ActiveCfg = Debug|Any CPU
		{5CFDEF74-4202-47C2-A889-A9A74E9B9E4C}.Debug|x86.Build.0 = Debug|Any CPU
		{5CFDEF74-4202-47C2-A889-A9A74E9B9E4C}.Release|Any CPU.ActiveCfg = Release|Any CPU
		{5CFDEF74-4202-47C2-A889-A9A74E9B9E4C}.Release|Any CPU.Build.0 = Release|Any CPU
		{5CFDEF74-4202-47C2-A889-A9A74E9B9E4C}.Release|x64.ActiveCfg = Release|Any CPU
		{5CFDEF74-4202-47C2-A889-A9A74E9B9E4C}.Release|x64.Build.0 = Release|Any CPU
		{5CFDEF74-4202-47C2-A889-A9A74E9B9E4C}.Release|x86.ActiveCfg = Release|Any CPU
		{5CFDEF74-4202-47C2-A889-A9A74E9B9E4C}.Release|x86.Build.0 = Release|Any CPU
		{117505CF-FC33-4EA0-BCD2-2C4B3DDFA0D3}.Debug|Any CPU.ActiveCfg = Debug|Any CPU
		{117505CF-FC33-4EA0-BCD2-2C4B3DDFA0D3}.Debug|Any CPU.Build.0 = Debug|Any CPU
		{117505CF-FC33-4EA0-BCD2-2C4B3DDFA0D3}.Debug|x64.ActiveCfg = Debug|Any CPU
		{117505CF-FC33-4EA0-BCD2-2C4B3DDFA0D3}.Debug|x64.Build.0 = Debug|Any CPU
		{117505CF-FC33-4EA0-BCD2-2C4B3DDFA0D3}.Debug|x86.ActiveCfg = Debug|Any CPU
		{117505CF-FC33-4EA0-BCD2-2C4B3DDFA0D3}.Debug|x86.Build.0 = Debug|Any CPU
		{117505CF-FC33-4EA0-BCD2-2C4B3DDFA0D3}.Release|Any CPU.ActiveCfg = Release|Any CPU
		{117505CF-FC33-4EA0-BCD2-2C4B3DDFA0D3}.Release|Any CPU.Build.0 = Release|Any CPU
		{117505CF-FC33-4EA0-BCD2-2C4B3DDFA0D3}.Release|x64.ActiveCfg = Release|Any CPU
		{117505CF-FC33-4EA0-BCD2-2C4B3DDFA0D3}.Release|x64.Build.0 = Release|Any CPU
		{117505CF-FC33-4EA0-BCD2-2C4B3DDFA0D3}.Release|x86.ActiveCfg = Release|Any CPU
		{117505CF-FC33-4EA0-BCD2-2C4B3DDFA0D3}.Release|x86.Build.0 = Release|Any CPU
		{C5DB7337-0492-43D8-9DF1-7EA7D24D4D0E}.Debug|Any CPU.ActiveCfg = Debug|Any CPU
		{C5DB7337-0492-43D8-9DF1-7EA7D24D4D0E}.Debug|Any CPU.Build.0 = Debug|Any CPU
		{C5DB7337-0492-43D8-9DF1-7EA7D24D4D0E}.Debug|x64.ActiveCfg = Debug|Any CPU
		{C5DB7337-0492-43D8-9DF1-7EA7D24D4D0E}.Debug|x64.Build.0 = Debug|Any CPU
		{C5DB7337-0492-43D8-9DF1-7EA7D24D4D0E}.Debug|x86.ActiveCfg = Debug|Any CPU
		{C5DB7337-0492-43D8-9DF1-7EA7D24D4D0E}.Debug|x86.Build.0 = Debug|Any CPU
		{C5DB7337-0492-43D8-9DF1-7EA7D24D4D0E}.Release|Any CPU.ActiveCfg = Release|Any CPU
		{C5DB7337-0492-43D8-9DF1-7EA7D24D4D0E}.Release|Any CPU.Build.0 = Release|Any CPU
		{C5DB7337-0492-43D8-9DF1-7EA7D24D4D0E}.Release|x64.ActiveCfg = Release|Any CPU
		{C5DB7337-0492-43D8-9DF1-7EA7D24D4D0E}.Release|x64.Build.0 = Release|Any CPU
		{C5DB7337-0492-43D8-9DF1-7EA7D24D4D0E}.Release|x86.ActiveCfg = Release|Any CPU
		{C5DB7337-0492-43D8-9DF1-7EA7D24D4D0E}.Release|x86.Build.0 = Release|Any CPU
		{4F5033B9-94B5-4A21-A761-021A884B57EC}.Debug|Any CPU.ActiveCfg = Debug|Any CPU
		{4F5033B9-94B5-4A21-A761-021A884B57EC}.Debug|Any CPU.Build.0 = Debug|Any CPU
		{4F5033B9-94B5-4A21-A761-021A884B57EC}.Debug|x64.ActiveCfg = Debug|Any CPU
		{4F5033B9-94B5-4A21-A761-021A884B57EC}.Debug|x64.Build.0 = Debug|Any CPU
		{4F5033B9-94B5-4A21-A761-021A884B57EC}.Debug|x86.ActiveCfg = Debug|Any CPU
		{4F5033B9-94B5-4A21-A761-021A884B57EC}.Debug|x86.Build.0 = Debug|Any CPU
		{4F5033B9-94B5-4A21-A761-021A884B57EC}.Release|Any CPU.ActiveCfg = Release|Any CPU
		{4F5033B9-94B5-4A21-A761-021A884B57EC}.Release|Any CPU.Build.0 = Release|Any CPU
		{4F5033B9-94B5-4A21-A761-021A884B57EC}.Release|x64.ActiveCfg = Release|Any CPU
		{4F5033B9-94B5-4A21-A761-021A884B57EC}.Release|x64.Build.0 = Release|Any CPU
		{4F5033B9-94B5-4A21-A761-021A884B57EC}.Release|x86.ActiveCfg = Release|Any CPU
		{4F5033B9-94B5-4A21-A761-021A884B57EC}.Release|x86.Build.0 = Release|Any CPU
		{031E0B2B-C6B2-42A3-B70C-DDF51569B462}.Debug|Any CPU.ActiveCfg = Debug|Any CPU
		{031E0B2B-C6B2-42A3-B70C-DDF51569B462}.Debug|Any CPU.Build.0 = Debug|Any CPU
		{031E0B2B-C6B2-42A3-B70C-DDF51569B462}.Debug|x64.ActiveCfg = Debug|Any CPU
		{031E0B2B-C6B2-42A3-B70C-DDF51569B462}.Debug|x64.Build.0 = Debug|Any CPU
		{031E0B2B-C6B2-42A3-B70C-DDF51569B462}.Debug|x86.ActiveCfg = Debug|Any CPU
		{031E0B2B-C6B2-42A3-B70C-DDF51569B462}.Debug|x86.Build.0 = Debug|Any CPU
		{031E0B2B-C6B2-42A3-B70C-DDF51569B462}.Release|Any CPU.ActiveCfg = Release|Any CPU
		{031E0B2B-C6B2-42A3-B70C-DDF51569B462}.Release|Any CPU.Build.0 = Release|Any CPU
		{031E0B2B-C6B2-42A3-B70C-DDF51569B462}.Release|x64.ActiveCfg = Release|Any CPU
		{031E0B2B-C6B2-42A3-B70C-DDF51569B462}.Release|x64.Build.0 = Release|Any CPU
		{031E0B2B-C6B2-42A3-B70C-DDF51569B462}.Release|x86.ActiveCfg = Release|Any CPU
		{031E0B2B-C6B2-42A3-B70C-DDF51569B462}.Release|x86.Build.0 = Release|Any CPU
		{BFA0AB1D-577F-45A0-AB9E-1EBFC0FF0801}.Debug|Any CPU.ActiveCfg = Debug|Any CPU
		{BFA0AB1D-577F-45A0-AB9E-1EBFC0FF0801}.Debug|Any CPU.Build.0 = Debug|Any CPU
		{BFA0AB1D-577F-45A0-AB9E-1EBFC0FF0801}.Debug|x64.ActiveCfg = Debug|Any CPU
		{BFA0AB1D-577F-45A0-AB9E-1EBFC0FF0801}.Debug|x64.Build.0 = Debug|Any CPU
		{BFA0AB1D-577F-45A0-AB9E-1EBFC0FF0801}.Debug|x86.ActiveCfg = Debug|Any CPU
		{BFA0AB1D-577F-45A0-AB9E-1EBFC0FF0801}.Debug|x86.Build.0 = Debug|Any CPU
		{BFA0AB1D-577F-45A0-AB9E-1EBFC0FF0801}.Release|Any CPU.ActiveCfg = Release|Any CPU
		{BFA0AB1D-577F-45A0-AB9E-1EBFC0FF0801}.Release|Any CPU.Build.0 = Release|Any CPU
		{BFA0AB1D-577F-45A0-AB9E-1EBFC0FF0801}.Release|x64.ActiveCfg = Release|Any CPU
		{BFA0AB1D-577F-45A0-AB9E-1EBFC0FF0801}.Release|x64.Build.0 = Release|Any CPU
		{BFA0AB1D-577F-45A0-AB9E-1EBFC0FF0801}.Release|x86.ActiveCfg = Release|Any CPU
		{BFA0AB1D-577F-45A0-AB9E-1EBFC0FF0801}.Release|x86.Build.0 = Release|Any CPU
		{277AFB09-887A-4106-A683-ABF3179608EF}.Debug|Any CPU.ActiveCfg = Debug|Any CPU
		{277AFB09-887A-4106-A683-ABF3179608EF}.Debug|Any CPU.Build.0 = Debug|Any CPU
		{277AFB09-887A-4106-A683-ABF3179608EF}.Debug|x64.ActiveCfg = Debug|Any CPU
		{277AFB09-887A-4106-A683-ABF3179608EF}.Debug|x64.Build.0 = Debug|Any CPU
		{277AFB09-887A-4106-A683-ABF3179608EF}.Debug|x86.ActiveCfg = Debug|Any CPU
		{277AFB09-887A-4106-A683-ABF3179608EF}.Debug|x86.Build.0 = Debug|Any CPU
		{277AFB09-887A-4106-A683-ABF3179608EF}.Release|Any CPU.ActiveCfg = Release|Any CPU
		{277AFB09-887A-4106-A683-ABF3179608EF}.Release|Any CPU.Build.0 = Release|Any CPU
		{277AFB09-887A-4106-A683-ABF3179608EF}.Release|x64.ActiveCfg = Release|Any CPU
		{277AFB09-887A-4106-A683-ABF3179608EF}.Release|x64.Build.0 = Release|Any CPU
		{277AFB09-887A-4106-A683-ABF3179608EF}.Release|x86.ActiveCfg = Release|Any CPU
		{277AFB09-887A-4106-A683-ABF3179608EF}.Release|x86.Build.0 = Release|Any CPU
		{126CF049-4C4C-4050-85F0-91C49245A24D}.Debug|Any CPU.ActiveCfg = Debug|Any CPU
		{126CF049-4C4C-4050-85F0-91C49245A24D}.Debug|Any CPU.Build.0 = Debug|Any CPU
		{126CF049-4C4C-4050-85F0-91C49245A24D}.Debug|x64.ActiveCfg = Debug|Any CPU
		{126CF049-4C4C-4050-85F0-91C49245A24D}.Debug|x64.Build.0 = Debug|Any CPU
		{126CF049-4C4C-4050-85F0-91C49245A24D}.Debug|x86.ActiveCfg = Debug|Any CPU
		{126CF049-4C4C-4050-85F0-91C49245A24D}.Debug|x86.Build.0 = Debug|Any CPU
		{126CF049-4C4C-4050-85F0-91C49245A24D}.Release|Any CPU.ActiveCfg = Release|Any CPU
		{126CF049-4C4C-4050-85F0-91C49245A24D}.Release|Any CPU.Build.0 = Release|Any CPU
		{126CF049-4C4C-4050-85F0-91C49245A24D}.Release|x64.ActiveCfg = Release|Any CPU
		{126CF049-4C4C-4050-85F0-91C49245A24D}.Release|x64.Build.0 = Release|Any CPU
		{126CF049-4C4C-4050-85F0-91C49245A24D}.Release|x86.ActiveCfg = Release|Any CPU
		{126CF049-4C4C-4050-85F0-91C49245A24D}.Release|x86.Build.0 = Release|Any CPU
		{5D2C5D6B-FDC6-4412-AFFC-3D42E9A6DA01}.Debug|Any CPU.ActiveCfg = Debug|Any CPU
		{5D2C5D6B-FDC6-4412-AFFC-3D42E9A6DA01}.Debug|Any CPU.Build.0 = Debug|Any CPU
		{5D2C5D6B-FDC6-4412-AFFC-3D42E9A6DA01}.Debug|x64.ActiveCfg = Debug|Any CPU
		{5D2C5D6B-FDC6-4412-AFFC-3D42E9A6DA01}.Debug|x64.Build.0 = Debug|Any CPU
		{5D2C5D6B-FDC6-4412-AFFC-3D42E9A6DA01}.Debug|x86.ActiveCfg = Debug|Any CPU
		{5D2C5D6B-FDC6-4412-AFFC-3D42E9A6DA01}.Debug|x86.Build.0 = Debug|Any CPU
		{5D2C5D6B-FDC6-4412-AFFC-3D42E9A6DA01}.Release|Any CPU.ActiveCfg = Release|Any CPU
		{5D2C5D6B-FDC6-4412-AFFC-3D42E9A6DA01}.Release|Any CPU.Build.0 = Release|Any CPU
		{5D2C5D6B-FDC6-4412-AFFC-3D42E9A6DA01}.Release|x64.ActiveCfg = Release|Any CPU
		{5D2C5D6B-FDC6-4412-AFFC-3D42E9A6DA01}.Release|x64.Build.0 = Release|Any CPU
		{5D2C5D6B-FDC6-4412-AFFC-3D42E9A6DA01}.Release|x86.ActiveCfg = Release|Any CPU
		{5D2C5D6B-FDC6-4412-AFFC-3D42E9A6DA01}.Release|x86.Build.0 = Release|Any CPU
		{C6C6CAC3-F1AC-4108-9CF6-C432AE035F08}.Debug|Any CPU.ActiveCfg = Debug|Any CPU
		{C6C6CAC3-F1AC-4108-9CF6-C432AE035F08}.Debug|Any CPU.Build.0 = Debug|Any CPU
		{C6C6CAC3-F1AC-4108-9CF6-C432AE035F08}.Debug|x64.ActiveCfg = Debug|Any CPU
		{C6C6CAC3-F1AC-4108-9CF6-C432AE035F08}.Debug|x64.Build.0 = Debug|Any CPU
		{C6C6CAC3-F1AC-4108-9CF6-C432AE035F08}.Debug|x86.ActiveCfg = Debug|Any CPU
		{C6C6CAC3-F1AC-4108-9CF6-C432AE035F08}.Debug|x86.Build.0 = Debug|Any CPU
		{C6C6CAC3-F1AC-4108-9CF6-C432AE035F08}.Release|Any CPU.ActiveCfg = Release|Any CPU
		{C6C6CAC3-F1AC-4108-9CF6-C432AE035F08}.Release|Any CPU.Build.0 = Release|Any CPU
		{C6C6CAC3-F1AC-4108-9CF6-C432AE035F08}.Release|x64.ActiveCfg = Release|Any CPU
		{C6C6CAC3-F1AC-4108-9CF6-C432AE035F08}.Release|x64.Build.0 = Release|Any CPU
		{C6C6CAC3-F1AC-4108-9CF6-C432AE035F08}.Release|x86.ActiveCfg = Release|Any CPU
		{C6C6CAC3-F1AC-4108-9CF6-C432AE035F08}.Release|x86.Build.0 = Release|Any CPU
		{B03531D9-8E2A-4B7D-84B6-393A871E86BD}.Debug|Any CPU.ActiveCfg = Debug|Any CPU
		{B03531D9-8E2A-4B7D-84B6-393A871E86BD}.Debug|Any CPU.Build.0 = Debug|Any CPU
		{B03531D9-8E2A-4B7D-84B6-393A871E86BD}.Debug|x64.ActiveCfg = Debug|Any CPU
		{B03531D9-8E2A-4B7D-84B6-393A871E86BD}.Debug|x64.Build.0 = Debug|Any CPU
		{B03531D9-8E2A-4B7D-84B6-393A871E86BD}.Debug|x86.ActiveCfg = Debug|Any CPU
		{B03531D9-8E2A-4B7D-84B6-393A871E86BD}.Debug|x86.Build.0 = Debug|Any CPU
		{B03531D9-8E2A-4B7D-84B6-393A871E86BD}.Release|Any CPU.ActiveCfg = Release|Any CPU
		{B03531D9-8E2A-4B7D-84B6-393A871E86BD}.Release|Any CPU.Build.0 = Release|Any CPU
		{B03531D9-8E2A-4B7D-84B6-393A871E86BD}.Release|x64.ActiveCfg = Release|Any CPU
		{B03531D9-8E2A-4B7D-84B6-393A871E86BD}.Release|x64.Build.0 = Release|Any CPU
		{B03531D9-8E2A-4B7D-84B6-393A871E86BD}.Release|x86.ActiveCfg = Release|Any CPU
		{B03531D9-8E2A-4B7D-84B6-393A871E86BD}.Release|x86.Build.0 = Release|Any CPU
		{D3C50191-736C-4C56-BEEB-9F1B1AE8D722}.Debug|Any CPU.ActiveCfg = Debug|Any CPU
		{D3C50191-736C-4C56-BEEB-9F1B1AE8D722}.Debug|Any CPU.Build.0 = Debug|Any CPU
		{D3C50191-736C-4C56-BEEB-9F1B1AE8D722}.Debug|x64.ActiveCfg = Debug|Any CPU
		{D3C50191-736C-4C56-BEEB-9F1B1AE8D722}.Debug|x64.Build.0 = Debug|Any CPU
		{D3C50191-736C-4C56-BEEB-9F1B1AE8D722}.Debug|x86.ActiveCfg = Debug|Any CPU
		{D3C50191-736C-4C56-BEEB-9F1B1AE8D722}.Debug|x86.Build.0 = Debug|Any CPU
		{D3C50191-736C-4C56-BEEB-9F1B1AE8D722}.Release|Any CPU.ActiveCfg = Release|Any CPU
		{D3C50191-736C-4C56-BEEB-9F1B1AE8D722}.Release|Any CPU.Build.0 = Release|Any CPU
		{D3C50191-736C-4C56-BEEB-9F1B1AE8D722}.Release|x64.ActiveCfg = Release|Any CPU
		{D3C50191-736C-4C56-BEEB-9F1B1AE8D722}.Release|x64.Build.0 = Release|Any CPU
		{D3C50191-736C-4C56-BEEB-9F1B1AE8D722}.Release|x86.ActiveCfg = Release|Any CPU
		{D3C50191-736C-4C56-BEEB-9F1B1AE8D722}.Release|x86.Build.0 = Release|Any CPU
		{88C01003-716B-4596-8760-329BDA299000}.Debug|Any CPU.ActiveCfg = Debug|Any CPU
		{88C01003-716B-4596-8760-329BDA299000}.Debug|Any CPU.Build.0 = Debug|Any CPU
		{88C01003-716B-4596-8760-329BDA299000}.Debug|x64.ActiveCfg = Debug|Any CPU
		{88C01003-716B-4596-8760-329BDA299000}.Debug|x64.Build.0 = Debug|Any CPU
		{88C01003-716B-4596-8760-329BDA299000}.Debug|x86.ActiveCfg = Debug|Any CPU
		{88C01003-716B-4596-8760-329BDA299000}.Debug|x86.Build.0 = Debug|Any CPU
		{88C01003-716B-4596-8760-329BDA299000}.Release|Any CPU.ActiveCfg = Release|Any CPU
		{88C01003-716B-4596-8760-329BDA299000}.Release|Any CPU.Build.0 = Release|Any CPU
		{88C01003-716B-4596-8760-329BDA299000}.Release|x64.ActiveCfg = Release|Any CPU
		{88C01003-716B-4596-8760-329BDA299000}.Release|x64.Build.0 = Release|Any CPU
		{88C01003-716B-4596-8760-329BDA299000}.Release|x86.ActiveCfg = Release|Any CPU
		{88C01003-716B-4596-8760-329BDA299000}.Release|x86.Build.0 = Release|Any CPU
		{187A1CB4-BADC-4C79-828E-CFFEF301D901}.Debug|Any CPU.ActiveCfg = Debug|Any CPU
		{187A1CB4-BADC-4C79-828E-CFFEF301D901}.Debug|Any CPU.Build.0 = Debug|Any CPU
		{187A1CB4-BADC-4C79-828E-CFFEF301D901}.Debug|x64.ActiveCfg = Debug|Any CPU
		{187A1CB4-BADC-4C79-828E-CFFEF301D901}.Debug|x64.Build.0 = Debug|Any CPU
		{187A1CB4-BADC-4C79-828E-CFFEF301D901}.Debug|x86.ActiveCfg = Debug|Any CPU
		{187A1CB4-BADC-4C79-828E-CFFEF301D901}.Debug|x86.Build.0 = Debug|Any CPU
		{187A1CB4-BADC-4C79-828E-CFFEF301D901}.Release|Any CPU.ActiveCfg = Release|Any CPU
		{187A1CB4-BADC-4C79-828E-CFFEF301D901}.Release|Any CPU.Build.0 = Release|Any CPU
		{187A1CB4-BADC-4C79-828E-CFFEF301D901}.Release|x64.ActiveCfg = Release|Any CPU
		{187A1CB4-BADC-4C79-828E-CFFEF301D901}.Release|x64.Build.0 = Release|Any CPU
		{187A1CB4-BADC-4C79-828E-CFFEF301D901}.Release|x86.ActiveCfg = Release|Any CPU
		{187A1CB4-BADC-4C79-828E-CFFEF301D901}.Release|x86.Build.0 = Release|Any CPU
		{53C3F281-3945-44E1-BFD2-E9E4579E4D76}.Debug|Any CPU.ActiveCfg = Debug|Any CPU
		{53C3F281-3945-44E1-BFD2-E9E4579E4D76}.Debug|Any CPU.Build.0 = Debug|Any CPU
		{53C3F281-3945-44E1-BFD2-E9E4579E4D76}.Debug|x64.ActiveCfg = Debug|Any CPU
		{53C3F281-3945-44E1-BFD2-E9E4579E4D76}.Debug|x64.Build.0 = Debug|Any CPU
		{53C3F281-3945-44E1-BFD2-E9E4579E4D76}.Debug|x86.ActiveCfg = Debug|Any CPU
		{53C3F281-3945-44E1-BFD2-E9E4579E4D76}.Debug|x86.Build.0 = Debug|Any CPU
		{53C3F281-3945-44E1-BFD2-E9E4579E4D76}.Release|Any CPU.ActiveCfg = Release|Any CPU
		{53C3F281-3945-44E1-BFD2-E9E4579E4D76}.Release|Any CPU.Build.0 = Release|Any CPU
		{53C3F281-3945-44E1-BFD2-E9E4579E4D76}.Release|x64.ActiveCfg = Release|Any CPU
		{53C3F281-3945-44E1-BFD2-E9E4579E4D76}.Release|x64.Build.0 = Release|Any CPU
		{53C3F281-3945-44E1-BFD2-E9E4579E4D76}.Release|x86.ActiveCfg = Release|Any CPU
		{53C3F281-3945-44E1-BFD2-E9E4579E4D76}.Release|x86.Build.0 = Release|Any CPU
		{9D4EC24F-0A10-4FAE-A8A0-B4B92D15B299}.Debug|Any CPU.ActiveCfg = Debug|Any CPU
		{9D4EC24F-0A10-4FAE-A8A0-B4B92D15B299}.Debug|Any CPU.Build.0 = Debug|Any CPU
		{9D4EC24F-0A10-4FAE-A8A0-B4B92D15B299}.Debug|x64.ActiveCfg = Debug|Any CPU
		{9D4EC24F-0A10-4FAE-A8A0-B4B92D15B299}.Debug|x64.Build.0 = Debug|Any CPU
		{9D4EC24F-0A10-4FAE-A8A0-B4B92D15B299}.Debug|x86.ActiveCfg = Debug|Any CPU
		{9D4EC24F-0A10-4FAE-A8A0-B4B92D15B299}.Debug|x86.Build.0 = Debug|Any CPU
		{9D4EC24F-0A10-4FAE-A8A0-B4B92D15B299}.Release|Any CPU.ActiveCfg = Release|Any CPU
		{9D4EC24F-0A10-4FAE-A8A0-B4B92D15B299}.Release|Any CPU.Build.0 = Release|Any CPU
		{9D4EC24F-0A10-4FAE-A8A0-B4B92D15B299}.Release|x64.ActiveCfg = Release|Any CPU
		{9D4EC24F-0A10-4FAE-A8A0-B4B92D15B299}.Release|x64.Build.0 = Release|Any CPU
		{9D4EC24F-0A10-4FAE-A8A0-B4B92D15B299}.Release|x86.ActiveCfg = Release|Any CPU
		{9D4EC24F-0A10-4FAE-A8A0-B4B92D15B299}.Release|x86.Build.0 = Release|Any CPU
		{DB6CBC7B-AF96-453D-B50E-FEC6319448D0}.Debug|Any CPU.ActiveCfg = Debug|Any CPU
		{DB6CBC7B-AF96-453D-B50E-FEC6319448D0}.Debug|Any CPU.Build.0 = Debug|Any CPU
		{DB6CBC7B-AF96-453D-B50E-FEC6319448D0}.Debug|x64.ActiveCfg = Debug|Any CPU
		{DB6CBC7B-AF96-453D-B50E-FEC6319448D0}.Debug|x64.Build.0 = Debug|Any CPU
		{DB6CBC7B-AF96-453D-B50E-FEC6319448D0}.Debug|x86.ActiveCfg = Debug|Any CPU
		{DB6CBC7B-AF96-453D-B50E-FEC6319448D0}.Debug|x86.Build.0 = Debug|Any CPU
		{DB6CBC7B-AF96-453D-B50E-FEC6319448D0}.Release|Any CPU.ActiveCfg = Release|Any CPU
		{DB6CBC7B-AF96-453D-B50E-FEC6319448D0}.Release|Any CPU.Build.0 = Release|Any CPU
		{DB6CBC7B-AF96-453D-B50E-FEC6319448D0}.Release|x64.ActiveCfg = Release|Any CPU
		{DB6CBC7B-AF96-453D-B50E-FEC6319448D0}.Release|x64.Build.0 = Release|Any CPU
		{DB6CBC7B-AF96-453D-B50E-FEC6319448D0}.Release|x86.ActiveCfg = Release|Any CPU
		{DB6CBC7B-AF96-453D-B50E-FEC6319448D0}.Release|x86.Build.0 = Release|Any CPU
		{5C47A2A0-D92A-42CD-8AE7-58094645E786}.Debug|Any CPU.ActiveCfg = Debug|Any CPU
		{5C47A2A0-D92A-42CD-8AE7-58094645E786}.Debug|Any CPU.Build.0 = Debug|Any CPU
		{5C47A2A0-D92A-42CD-8AE7-58094645E786}.Debug|x64.ActiveCfg = Debug|Any CPU
		{5C47A2A0-D92A-42CD-8AE7-58094645E786}.Debug|x64.Build.0 = Debug|Any CPU
		{5C47A2A0-D92A-42CD-8AE7-58094645E786}.Debug|x86.ActiveCfg = Debug|Any CPU
		{5C47A2A0-D92A-42CD-8AE7-58094645E786}.Debug|x86.Build.0 = Debug|Any CPU
		{5C47A2A0-D92A-42CD-8AE7-58094645E786}.Release|Any CPU.ActiveCfg = Release|Any CPU
		{5C47A2A0-D92A-42CD-8AE7-58094645E786}.Release|Any CPU.Build.0 = Release|Any CPU
		{5C47A2A0-D92A-42CD-8AE7-58094645E786}.Release|x64.ActiveCfg = Release|Any CPU
		{5C47A2A0-D92A-42CD-8AE7-58094645E786}.Release|x64.Build.0 = Release|Any CPU
		{5C47A2A0-D92A-42CD-8AE7-58094645E786}.Release|x86.ActiveCfg = Release|Any CPU
		{5C47A2A0-D92A-42CD-8AE7-58094645E786}.Release|x86.Build.0 = Release|Any CPU
		{DB12C82B-14A3-4EE6-9576-B0DCB332C544}.Debug|Any CPU.ActiveCfg = Debug|Any CPU
		{DB12C82B-14A3-4EE6-9576-B0DCB332C544}.Debug|Any CPU.Build.0 = Debug|Any CPU
		{DB12C82B-14A3-4EE6-9576-B0DCB332C544}.Debug|x64.ActiveCfg = Debug|Any CPU
		{DB12C82B-14A3-4EE6-9576-B0DCB332C544}.Debug|x64.Build.0 = Debug|Any CPU
		{DB12C82B-14A3-4EE6-9576-B0DCB332C544}.Debug|x86.ActiveCfg = Debug|Any CPU
		{DB12C82B-14A3-4EE6-9576-B0DCB332C544}.Debug|x86.Build.0 = Debug|Any CPU
		{DB12C82B-14A3-4EE6-9576-B0DCB332C544}.Release|Any CPU.ActiveCfg = Release|Any CPU
		{DB12C82B-14A3-4EE6-9576-B0DCB332C544}.Release|Any CPU.Build.0 = Release|Any CPU
		{DB12C82B-14A3-4EE6-9576-B0DCB332C544}.Release|x64.ActiveCfg = Release|Any CPU
		{DB12C82B-14A3-4EE6-9576-B0DCB332C544}.Release|x64.Build.0 = Release|Any CPU
		{DB12C82B-14A3-4EE6-9576-B0DCB332C544}.Release|x86.ActiveCfg = Release|Any CPU
		{DB12C82B-14A3-4EE6-9576-B0DCB332C544}.Release|x86.Build.0 = Release|Any CPU
		{4C0188C4-7993-4816-8BE3-E874B6E1FF5E}.Debug|Any CPU.ActiveCfg = Debug|Any CPU
		{4C0188C4-7993-4816-8BE3-E874B6E1FF5E}.Debug|Any CPU.Build.0 = Debug|Any CPU
		{4C0188C4-7993-4816-8BE3-E874B6E1FF5E}.Debug|x64.ActiveCfg = Debug|Any CPU
		{4C0188C4-7993-4816-8BE3-E874B6E1FF5E}.Debug|x64.Build.0 = Debug|Any CPU
		{4C0188C4-7993-4816-8BE3-E874B6E1FF5E}.Debug|x86.ActiveCfg = Debug|Any CPU
		{4C0188C4-7993-4816-8BE3-E874B6E1FF5E}.Debug|x86.Build.0 = Debug|Any CPU
		{4C0188C4-7993-4816-8BE3-E874B6E1FF5E}.Release|Any CPU.ActiveCfg = Release|Any CPU
		{4C0188C4-7993-4816-8BE3-E874B6E1FF5E}.Release|Any CPU.Build.0 = Release|Any CPU
		{4C0188C4-7993-4816-8BE3-E874B6E1FF5E}.Release|x64.ActiveCfg = Release|Any CPU
		{4C0188C4-7993-4816-8BE3-E874B6E1FF5E}.Release|x64.Build.0 = Release|Any CPU
		{4C0188C4-7993-4816-8BE3-E874B6E1FF5E}.Release|x86.ActiveCfg = Release|Any CPU
		{4C0188C4-7993-4816-8BE3-E874B6E1FF5E}.Release|x86.Build.0 = Release|Any CPU
		{A96D632E-6B02-4CC5-97DA-41AAF6515ED8}.Debug|Any CPU.ActiveCfg = Debug|Any CPU
		{A96D632E-6B02-4CC5-97DA-41AAF6515ED8}.Debug|Any CPU.Build.0 = Debug|Any CPU
		{A96D632E-6B02-4CC5-97DA-41AAF6515ED8}.Debug|x64.ActiveCfg = Debug|Any CPU
		{A96D632E-6B02-4CC5-97DA-41AAF6515ED8}.Debug|x64.Build.0 = Debug|Any CPU
		{A96D632E-6B02-4CC5-97DA-41AAF6515ED8}.Debug|x86.ActiveCfg = Debug|Any CPU
		{A96D632E-6B02-4CC5-97DA-41AAF6515ED8}.Debug|x86.Build.0 = Debug|Any CPU
		{A96D632E-6B02-4CC5-97DA-41AAF6515ED8}.Release|Any CPU.ActiveCfg = Release|Any CPU
		{A96D632E-6B02-4CC5-97DA-41AAF6515ED8}.Release|Any CPU.Build.0 = Release|Any CPU
		{A96D632E-6B02-4CC5-97DA-41AAF6515ED8}.Release|x64.ActiveCfg = Release|Any CPU
		{A96D632E-6B02-4CC5-97DA-41AAF6515ED8}.Release|x64.Build.0 = Release|Any CPU
		{A96D632E-6B02-4CC5-97DA-41AAF6515ED8}.Release|x86.ActiveCfg = Release|Any CPU
		{A96D632E-6B02-4CC5-97DA-41AAF6515ED8}.Release|x86.Build.0 = Release|Any CPU
		{19F8D4EE-B4FE-4F0A-9774-557AD86A5D53}.Debug|Any CPU.ActiveCfg = Debug|Any CPU
		{19F8D4EE-B4FE-4F0A-9774-557AD86A5D53}.Debug|Any CPU.Build.0 = Debug|Any CPU
		{19F8D4EE-B4FE-4F0A-9774-557AD86A5D53}.Debug|x64.ActiveCfg = Debug|Any CPU
		{19F8D4EE-B4FE-4F0A-9774-557AD86A5D53}.Debug|x64.Build.0 = Debug|Any CPU
		{19F8D4EE-B4FE-4F0A-9774-557AD86A5D53}.Debug|x86.ActiveCfg = Debug|Any CPU
		{19F8D4EE-B4FE-4F0A-9774-557AD86A5D53}.Debug|x86.Build.0 = Debug|Any CPU
		{19F8D4EE-B4FE-4F0A-9774-557AD86A5D53}.Release|Any CPU.ActiveCfg = Release|Any CPU
		{19F8D4EE-B4FE-4F0A-9774-557AD86A5D53}.Release|Any CPU.Build.0 = Release|Any CPU
		{19F8D4EE-B4FE-4F0A-9774-557AD86A5D53}.Release|x64.ActiveCfg = Release|Any CPU
		{19F8D4EE-B4FE-4F0A-9774-557AD86A5D53}.Release|x64.Build.0 = Release|Any CPU
		{19F8D4EE-B4FE-4F0A-9774-557AD86A5D53}.Release|x86.ActiveCfg = Release|Any CPU
		{19F8D4EE-B4FE-4F0A-9774-557AD86A5D53}.Release|x86.Build.0 = Release|Any CPU
		{0C9DB09B-4B0D-4564-8923-883197F238A1}.Debug|Any CPU.ActiveCfg = Debug|Any CPU
		{0C9DB09B-4B0D-4564-8923-883197F238A1}.Debug|Any CPU.Build.0 = Debug|Any CPU
		{0C9DB09B-4B0D-4564-8923-883197F238A1}.Debug|x64.ActiveCfg = Debug|Any CPU
		{0C9DB09B-4B0D-4564-8923-883197F238A1}.Debug|x64.Build.0 = Debug|Any CPU
		{0C9DB09B-4B0D-4564-8923-883197F238A1}.Debug|x86.ActiveCfg = Debug|Any CPU
		{0C9DB09B-4B0D-4564-8923-883197F238A1}.Debug|x86.Build.0 = Debug|Any CPU
		{0C9DB09B-4B0D-4564-8923-883197F238A1}.Release|Any CPU.ActiveCfg = Release|Any CPU
		{0C9DB09B-4B0D-4564-8923-883197F238A1}.Release|Any CPU.Build.0 = Release|Any CPU
		{0C9DB09B-4B0D-4564-8923-883197F238A1}.Release|x64.ActiveCfg = Release|Any CPU
		{0C9DB09B-4B0D-4564-8923-883197F238A1}.Release|x64.Build.0 = Release|Any CPU
		{0C9DB09B-4B0D-4564-8923-883197F238A1}.Release|x86.ActiveCfg = Release|Any CPU
		{0C9DB09B-4B0D-4564-8923-883197F238A1}.Release|x86.Build.0 = Release|Any CPU
		{1329D81F-8830-4949-A8E4-1DEB26CA8D95}.Debug|Any CPU.ActiveCfg = Debug|Any CPU
		{1329D81F-8830-4949-A8E4-1DEB26CA8D95}.Debug|Any CPU.Build.0 = Debug|Any CPU
		{1329D81F-8830-4949-A8E4-1DEB26CA8D95}.Debug|x64.ActiveCfg = Debug|Any CPU
		{1329D81F-8830-4949-A8E4-1DEB26CA8D95}.Debug|x64.Build.0 = Debug|Any CPU
		{1329D81F-8830-4949-A8E4-1DEB26CA8D95}.Debug|x86.ActiveCfg = Debug|Any CPU
		{1329D81F-8830-4949-A8E4-1DEB26CA8D95}.Debug|x86.Build.0 = Debug|Any CPU
		{1329D81F-8830-4949-A8E4-1DEB26CA8D95}.Release|Any CPU.ActiveCfg = Release|Any CPU
		{1329D81F-8830-4949-A8E4-1DEB26CA8D95}.Release|Any CPU.Build.0 = Release|Any CPU
		{1329D81F-8830-4949-A8E4-1DEB26CA8D95}.Release|x64.ActiveCfg = Release|Any CPU
		{1329D81F-8830-4949-A8E4-1DEB26CA8D95}.Release|x64.Build.0 = Release|Any CPU
		{1329D81F-8830-4949-A8E4-1DEB26CA8D95}.Release|x86.ActiveCfg = Release|Any CPU
		{1329D81F-8830-4949-A8E4-1DEB26CA8D95}.Release|x86.Build.0 = Release|Any CPU
		{C15953CD-18C7-4FE5-83FB-59CDC18B2BC6}.Debug|Any CPU.ActiveCfg = Debug|Any CPU
		{C15953CD-18C7-4FE5-83FB-59CDC18B2BC6}.Debug|Any CPU.Build.0 = Debug|Any CPU
		{C15953CD-18C7-4FE5-83FB-59CDC18B2BC6}.Debug|x64.ActiveCfg = Debug|Any CPU
		{C15953CD-18C7-4FE5-83FB-59CDC18B2BC6}.Debug|x64.Build.0 = Debug|Any CPU
		{C15953CD-18C7-4FE5-83FB-59CDC18B2BC6}.Debug|x86.ActiveCfg = Debug|Any CPU
		{C15953CD-18C7-4FE5-83FB-59CDC18B2BC6}.Debug|x86.Build.0 = Debug|Any CPU
		{C15953CD-18C7-4FE5-83FB-59CDC18B2BC6}.Release|Any CPU.ActiveCfg = Release|Any CPU
		{C15953CD-18C7-4FE5-83FB-59CDC18B2BC6}.Release|Any CPU.Build.0 = Release|Any CPU
		{C15953CD-18C7-4FE5-83FB-59CDC18B2BC6}.Release|x64.ActiveCfg = Release|Any CPU
		{C15953CD-18C7-4FE5-83FB-59CDC18B2BC6}.Release|x64.Build.0 = Release|Any CPU
		{C15953CD-18C7-4FE5-83FB-59CDC18B2BC6}.Release|x86.ActiveCfg = Release|Any CPU
		{C15953CD-18C7-4FE5-83FB-59CDC18B2BC6}.Release|x86.Build.0 = Release|Any CPU
		{8D3B1E5C-DA67-4682-9B68-55E04BFC4343}.Debug|Any CPU.ActiveCfg = Debug|Any CPU
		{8D3B1E5C-DA67-4682-9B68-55E04BFC4343}.Debug|Any CPU.Build.0 = Debug|Any CPU
		{8D3B1E5C-DA67-4682-9B68-55E04BFC4343}.Debug|x64.ActiveCfg = Debug|Any CPU
		{8D3B1E5C-DA67-4682-9B68-55E04BFC4343}.Debug|x64.Build.0 = Debug|Any CPU
		{8D3B1E5C-DA67-4682-9B68-55E04BFC4343}.Debug|x86.ActiveCfg = Debug|Any CPU
		{8D3B1E5C-DA67-4682-9B68-55E04BFC4343}.Debug|x86.Build.0 = Debug|Any CPU
		{8D3B1E5C-DA67-4682-9B68-55E04BFC4343}.Release|Any CPU.ActiveCfg = Release|Any CPU
		{8D3B1E5C-DA67-4682-9B68-55E04BFC4343}.Release|Any CPU.Build.0 = Release|Any CPU
		{8D3B1E5C-DA67-4682-9B68-55E04BFC4343}.Release|x64.ActiveCfg = Release|Any CPU
		{8D3B1E5C-DA67-4682-9B68-55E04BFC4343}.Release|x64.Build.0 = Release|Any CPU
		{8D3B1E5C-DA67-4682-9B68-55E04BFC4343}.Release|x86.ActiveCfg = Release|Any CPU
		{8D3B1E5C-DA67-4682-9B68-55E04BFC4343}.Release|x86.Build.0 = Release|Any CPU
		{43D451E3-BEE9-4D95-9347-5A3FFFCD80DF}.Debug|Any CPU.ActiveCfg = Debug|Any CPU
		{43D451E3-BEE9-4D95-9347-5A3FFFCD80DF}.Debug|Any CPU.Build.0 = Debug|Any CPU
		{43D451E3-BEE9-4D95-9347-5A3FFFCD80DF}.Debug|x64.ActiveCfg = Debug|Any CPU
		{43D451E3-BEE9-4D95-9347-5A3FFFCD80DF}.Debug|x64.Build.0 = Debug|Any CPU
		{43D451E3-BEE9-4D95-9347-5A3FFFCD80DF}.Debug|x86.ActiveCfg = Debug|Any CPU
		{43D451E3-BEE9-4D95-9347-5A3FFFCD80DF}.Debug|x86.Build.0 = Debug|Any CPU
		{43D451E3-BEE9-4D95-9347-5A3FFFCD80DF}.Release|Any CPU.ActiveCfg = Release|Any CPU
		{43D451E3-BEE9-4D95-9347-5A3FFFCD80DF}.Release|Any CPU.Build.0 = Release|Any CPU
		{43D451E3-BEE9-4D95-9347-5A3FFFCD80DF}.Release|x64.ActiveCfg = Release|Any CPU
		{43D451E3-BEE9-4D95-9347-5A3FFFCD80DF}.Release|x64.Build.0 = Release|Any CPU
		{43D451E3-BEE9-4D95-9347-5A3FFFCD80DF}.Release|x86.ActiveCfg = Release|Any CPU
		{43D451E3-BEE9-4D95-9347-5A3FFFCD80DF}.Release|x86.Build.0 = Release|Any CPU
		{E747C65A-41C9-4697-8778-2AE0DF2AA3A0}.Debug|Any CPU.ActiveCfg = Debug|Any CPU
		{E747C65A-41C9-4697-8778-2AE0DF2AA3A0}.Debug|Any CPU.Build.0 = Debug|Any CPU
		{E747C65A-41C9-4697-8778-2AE0DF2AA3A0}.Debug|x64.ActiveCfg = Debug|Any CPU
		{E747C65A-41C9-4697-8778-2AE0DF2AA3A0}.Debug|x64.Build.0 = Debug|Any CPU
		{E747C65A-41C9-4697-8778-2AE0DF2AA3A0}.Debug|x86.ActiveCfg = Debug|Any CPU
		{E747C65A-41C9-4697-8778-2AE0DF2AA3A0}.Debug|x86.Build.0 = Debug|Any CPU
		{E747C65A-41C9-4697-8778-2AE0DF2AA3A0}.Release|Any CPU.ActiveCfg = Release|Any CPU
		{E747C65A-41C9-4697-8778-2AE0DF2AA3A0}.Release|Any CPU.Build.0 = Release|Any CPU
		{E747C65A-41C9-4697-8778-2AE0DF2AA3A0}.Release|x64.ActiveCfg = Release|Any CPU
		{E747C65A-41C9-4697-8778-2AE0DF2AA3A0}.Release|x64.Build.0 = Release|Any CPU
		{E747C65A-41C9-4697-8778-2AE0DF2AA3A0}.Release|x86.ActiveCfg = Release|Any CPU
		{E747C65A-41C9-4697-8778-2AE0DF2AA3A0}.Release|x86.Build.0 = Release|Any CPU
		{B9B53A09-E598-4F70-8705-9EF1DF318D46}.Debug|Any CPU.ActiveCfg = Debug|Any CPU
		{B9B53A09-E598-4F70-8705-9EF1DF318D46}.Debug|Any CPU.Build.0 = Debug|Any CPU
		{B9B53A09-E598-4F70-8705-9EF1DF318D46}.Debug|x64.ActiveCfg = Debug|Any CPU
		{B9B53A09-E598-4F70-8705-9EF1DF318D46}.Debug|x64.Build.0 = Debug|Any CPU
		{B9B53A09-E598-4F70-8705-9EF1DF318D46}.Debug|x86.ActiveCfg = Debug|Any CPU
		{B9B53A09-E598-4F70-8705-9EF1DF318D46}.Debug|x86.Build.0 = Debug|Any CPU
		{B9B53A09-E598-4F70-8705-9EF1DF318D46}.Release|Any CPU.ActiveCfg = Release|Any CPU
		{B9B53A09-E598-4F70-8705-9EF1DF318D46}.Release|Any CPU.Build.0 = Release|Any CPU
		{B9B53A09-E598-4F70-8705-9EF1DF318D46}.Release|x64.ActiveCfg = Release|Any CPU
		{B9B53A09-E598-4F70-8705-9EF1DF318D46}.Release|x64.Build.0 = Release|Any CPU
		{B9B53A09-E598-4F70-8705-9EF1DF318D46}.Release|x86.ActiveCfg = Release|Any CPU
		{B9B53A09-E598-4F70-8705-9EF1DF318D46}.Release|x86.Build.0 = Release|Any CPU
		{14BAFAFE-36A1-4EE5-8798-68199177E20E}.Debug|Any CPU.ActiveCfg = Debug|Any CPU
		{14BAFAFE-36A1-4EE5-8798-68199177E20E}.Debug|Any CPU.Build.0 = Debug|Any CPU
		{14BAFAFE-36A1-4EE5-8798-68199177E20E}.Debug|x64.ActiveCfg = Debug|Any CPU
		{14BAFAFE-36A1-4EE5-8798-68199177E20E}.Debug|x64.Build.0 = Debug|Any CPU
		{14BAFAFE-36A1-4EE5-8798-68199177E20E}.Debug|x86.ActiveCfg = Debug|Any CPU
		{14BAFAFE-36A1-4EE5-8798-68199177E20E}.Debug|x86.Build.0 = Debug|Any CPU
		{14BAFAFE-36A1-4EE5-8798-68199177E20E}.Release|Any CPU.ActiveCfg = Release|Any CPU
		{14BAFAFE-36A1-4EE5-8798-68199177E20E}.Release|Any CPU.Build.0 = Release|Any CPU
		{14BAFAFE-36A1-4EE5-8798-68199177E20E}.Release|x64.ActiveCfg = Release|Any CPU
		{14BAFAFE-36A1-4EE5-8798-68199177E20E}.Release|x64.Build.0 = Release|Any CPU
		{14BAFAFE-36A1-4EE5-8798-68199177E20E}.Release|x86.ActiveCfg = Release|Any CPU
		{14BAFAFE-36A1-4EE5-8798-68199177E20E}.Release|x86.Build.0 = Release|Any CPU
		{6E7037F7-B5B6-4FA9-8543-2823180EFCE2}.Debug|Any CPU.ActiveCfg = Debug|Any CPU
		{6E7037F7-B5B6-4FA9-8543-2823180EFCE2}.Debug|Any CPU.Build.0 = Debug|Any CPU
		{6E7037F7-B5B6-4FA9-8543-2823180EFCE2}.Debug|x64.ActiveCfg = Debug|Any CPU
		{6E7037F7-B5B6-4FA9-8543-2823180EFCE2}.Debug|x64.Build.0 = Debug|Any CPU
		{6E7037F7-B5B6-4FA9-8543-2823180EFCE2}.Debug|x86.ActiveCfg = Debug|Any CPU
		{6E7037F7-B5B6-4FA9-8543-2823180EFCE2}.Debug|x86.Build.0 = Debug|Any CPU
		{6E7037F7-B5B6-4FA9-8543-2823180EFCE2}.Release|Any CPU.ActiveCfg = Release|Any CPU
		{6E7037F7-B5B6-4FA9-8543-2823180EFCE2}.Release|Any CPU.Build.0 = Release|Any CPU
		{6E7037F7-B5B6-4FA9-8543-2823180EFCE2}.Release|x64.ActiveCfg = Release|Any CPU
		{6E7037F7-B5B6-4FA9-8543-2823180EFCE2}.Release|x64.Build.0 = Release|Any CPU
		{6E7037F7-B5B6-4FA9-8543-2823180EFCE2}.Release|x86.ActiveCfg = Release|Any CPU
		{6E7037F7-B5B6-4FA9-8543-2823180EFCE2}.Release|x86.Build.0 = Release|Any CPU
		{F60902E3-C729-4618-A073-8BA2FC898F81}.Debug|Any CPU.ActiveCfg = Debug|Any CPU
		{F60902E3-C729-4618-A073-8BA2FC898F81}.Debug|Any CPU.Build.0 = Debug|Any CPU
		{F60902E3-C729-4618-A073-8BA2FC898F81}.Debug|x64.ActiveCfg = Debug|Any CPU
		{F60902E3-C729-4618-A073-8BA2FC898F81}.Debug|x64.Build.0 = Debug|Any CPU
		{F60902E3-C729-4618-A073-8BA2FC898F81}.Debug|x86.ActiveCfg = Debug|Any CPU
		{F60902E3-C729-4618-A073-8BA2FC898F81}.Debug|x86.Build.0 = Debug|Any CPU
		{F60902E3-C729-4618-A073-8BA2FC898F81}.Release|Any CPU.ActiveCfg = Release|Any CPU
		{F60902E3-C729-4618-A073-8BA2FC898F81}.Release|Any CPU.Build.0 = Release|Any CPU
		{F60902E3-C729-4618-A073-8BA2FC898F81}.Release|x64.ActiveCfg = Release|Any CPU
		{F60902E3-C729-4618-A073-8BA2FC898F81}.Release|x64.Build.0 = Release|Any CPU
		{F60902E3-C729-4618-A073-8BA2FC898F81}.Release|x86.ActiveCfg = Release|Any CPU
		{F60902E3-C729-4618-A073-8BA2FC898F81}.Release|x86.Build.0 = Release|Any CPU
		{165BF52C-F236-4A42-9AF7-C0FAE1084D5B}.Debug|Any CPU.ActiveCfg = Debug|Any CPU
		{165BF52C-F236-4A42-9AF7-C0FAE1084D5B}.Debug|Any CPU.Build.0 = Debug|Any CPU
		{165BF52C-F236-4A42-9AF7-C0FAE1084D5B}.Debug|x64.ActiveCfg = Debug|Any CPU
		{165BF52C-F236-4A42-9AF7-C0FAE1084D5B}.Debug|x64.Build.0 = Debug|Any CPU
		{165BF52C-F236-4A42-9AF7-C0FAE1084D5B}.Debug|x86.ActiveCfg = Debug|Any CPU
		{165BF52C-F236-4A42-9AF7-C0FAE1084D5B}.Debug|x86.Build.0 = Debug|Any CPU
		{165BF52C-F236-4A42-9AF7-C0FAE1084D5B}.Release|Any CPU.ActiveCfg = Release|Any CPU
		{165BF52C-F236-4A42-9AF7-C0FAE1084D5B}.Release|Any CPU.Build.0 = Release|Any CPU
		{165BF52C-F236-4A42-9AF7-C0FAE1084D5B}.Release|x64.ActiveCfg = Release|Any CPU
		{165BF52C-F236-4A42-9AF7-C0FAE1084D5B}.Release|x64.Build.0 = Release|Any CPU
		{165BF52C-F236-4A42-9AF7-C0FAE1084D5B}.Release|x86.ActiveCfg = Release|Any CPU
		{165BF52C-F236-4A42-9AF7-C0FAE1084D5B}.Release|x86.Build.0 = Release|Any CPU
		{95F1508E-98F5-4484-8CC8-EF72F4E38B2B}.Debug|Any CPU.ActiveCfg = Debug|Any CPU
		{95F1508E-98F5-4484-8CC8-EF72F4E38B2B}.Debug|Any CPU.Build.0 = Debug|Any CPU
		{95F1508E-98F5-4484-8CC8-EF72F4E38B2B}.Debug|x64.ActiveCfg = Debug|Any CPU
		{95F1508E-98F5-4484-8CC8-EF72F4E38B2B}.Debug|x64.Build.0 = Debug|Any CPU
		{95F1508E-98F5-4484-8CC8-EF72F4E38B2B}.Debug|x86.ActiveCfg = Debug|Any CPU
		{95F1508E-98F5-4484-8CC8-EF72F4E38B2B}.Debug|x86.Build.0 = Debug|Any CPU
		{95F1508E-98F5-4484-8CC8-EF72F4E38B2B}.Release|Any CPU.ActiveCfg = Release|Any CPU
		{95F1508E-98F5-4484-8CC8-EF72F4E38B2B}.Release|Any CPU.Build.0 = Release|Any CPU
		{95F1508E-98F5-4484-8CC8-EF72F4E38B2B}.Release|x64.ActiveCfg = Release|Any CPU
		{95F1508E-98F5-4484-8CC8-EF72F4E38B2B}.Release|x64.Build.0 = Release|Any CPU
		{95F1508E-98F5-4484-8CC8-EF72F4E38B2B}.Release|x86.ActiveCfg = Release|Any CPU
		{95F1508E-98F5-4484-8CC8-EF72F4E38B2B}.Release|x86.Build.0 = Release|Any CPU
		{C2A7F29C-F0E5-405D-99DB-713D2BDA99FE}.Debug|Any CPU.ActiveCfg = Debug|Any CPU
		{C2A7F29C-F0E5-405D-99DB-713D2BDA99FE}.Debug|Any CPU.Build.0 = Debug|Any CPU
		{C2A7F29C-F0E5-405D-99DB-713D2BDA99FE}.Debug|x64.ActiveCfg = Debug|Any CPU
		{C2A7F29C-F0E5-405D-99DB-713D2BDA99FE}.Debug|x64.Build.0 = Debug|Any CPU
		{C2A7F29C-F0E5-405D-99DB-713D2BDA99FE}.Debug|x86.ActiveCfg = Debug|Any CPU
		{C2A7F29C-F0E5-405D-99DB-713D2BDA99FE}.Debug|x86.Build.0 = Debug|Any CPU
		{C2A7F29C-F0E5-405D-99DB-713D2BDA99FE}.Release|Any CPU.ActiveCfg = Release|Any CPU
		{C2A7F29C-F0E5-405D-99DB-713D2BDA99FE}.Release|Any CPU.Build.0 = Release|Any CPU
		{C2A7F29C-F0E5-405D-99DB-713D2BDA99FE}.Release|x64.ActiveCfg = Release|Any CPU
		{C2A7F29C-F0E5-405D-99DB-713D2BDA99FE}.Release|x64.Build.0 = Release|Any CPU
		{C2A7F29C-F0E5-405D-99DB-713D2BDA99FE}.Release|x86.ActiveCfg = Release|Any CPU
		{C2A7F29C-F0E5-405D-99DB-713D2BDA99FE}.Release|x86.Build.0 = Release|Any CPU
		{42B07926-951C-45AC-B923-C0E309853F42}.Debug|Any CPU.ActiveCfg = Debug|Any CPU
		{42B07926-951C-45AC-B923-C0E309853F42}.Debug|Any CPU.Build.0 = Debug|Any CPU
		{42B07926-951C-45AC-B923-C0E309853F42}.Debug|x64.ActiveCfg = Debug|Any CPU
		{42B07926-951C-45AC-B923-C0E309853F42}.Debug|x64.Build.0 = Debug|Any CPU
		{42B07926-951C-45AC-B923-C0E309853F42}.Debug|x86.ActiveCfg = Debug|Any CPU
		{42B07926-951C-45AC-B923-C0E309853F42}.Debug|x86.Build.0 = Debug|Any CPU
		{42B07926-951C-45AC-B923-C0E309853F42}.Release|Any CPU.ActiveCfg = Release|Any CPU
		{42B07926-951C-45AC-B923-C0E309853F42}.Release|Any CPU.Build.0 = Release|Any CPU
		{42B07926-951C-45AC-B923-C0E309853F42}.Release|x64.ActiveCfg = Release|Any CPU
		{42B07926-951C-45AC-B923-C0E309853F42}.Release|x64.Build.0 = Release|Any CPU
		{42B07926-951C-45AC-B923-C0E309853F42}.Release|x86.ActiveCfg = Release|Any CPU
		{42B07926-951C-45AC-B923-C0E309853F42}.Release|x86.Build.0 = Release|Any CPU
	EndGlobalSection
	GlobalSection(SolutionProperties) = preSolution
		HideSolutionNode = FALSE
	EndGlobalSection
	GlobalSection(NestedProjects) = preSolution
		{90298CBA-BD6F-3A0A-69D5-97CAD7B05E7E} = {827E0CD3-B72D-47B6-A68D-7590B98EB39B}
		{88F5226B-2951-4EBA-8A4B-299C35156C8B} = {90298CBA-BD6F-3A0A-69D5-97CAD7B05E7E}
		{4CC18066-659E-4A46-ABB2-B3120957D0E3} = {90298CBA-BD6F-3A0A-69D5-97CAD7B05E7E}
		{B258AFCE-DB31-41FF-BBB0-DB18475BF1C2} = {90298CBA-BD6F-3A0A-69D5-97CAD7B05E7E}
		{984BB9B3-3FA3-BE33-9484-CAC21695A33C} = {827E0CD3-B72D-47B6-A68D-7590B98EB39B}
		{1BFC9479-12BF-35C3-06B8-42D89D95092B} = {984BB9B3-3FA3-BE33-9484-CAC21695A33C}
		{FCA63FEB-1A53-4A41-A378-48BAA128FFA5} = {1BFC9479-12BF-35C3-06B8-42D89D95092B}
		{A912B0F1-B7FB-4E32-A2C8-5006D6318D9C} = {1BFC9479-12BF-35C3-06B8-42D89D95092B}
		{3C6CD4AA-BEFD-4F06-9186-9B313441337B} = {1BFC9479-12BF-35C3-06B8-42D89D95092B}
		{AA002206-EFF3-46BD-B40F-09C015D1CF40} = {1BFC9479-12BF-35C3-06B8-42D89D95092B}
		{48A629CC-7F40-820C-15D0-1CC4F637048D} = {984BB9B3-3FA3-BE33-9484-CAC21695A33C}
		{77CA1C21-3DF0-40F9-9B29-085CE32571C4} = {48A629CC-7F40-820C-15D0-1CC4F637048D}
		{14E5136F-949A-49F4-A0D7-8EB0A46FE118} = {48A629CC-7F40-820C-15D0-1CC4F637048D}
		{D3868445-ED11-45C1-AB7B-5DDF2BE0484E} = {48A629CC-7F40-820C-15D0-1CC4F637048D}
		{5050909A-37C2-42AA-B7D3-2C3013D7CE65} = {48A629CC-7F40-820C-15D0-1CC4F637048D}
		{00F984E3-23D1-4506-7672-CB0DACA61B5F} = {984BB9B3-3FA3-BE33-9484-CAC21695A33C}
		{271AB539-24DC-4F74-9220-FBB71FA1D811} = {00F984E3-23D1-4506-7672-CB0DACA61B5F}
		{D7670214-064E-447B-92AB-621A00634B58} = {00F984E3-23D1-4506-7672-CB0DACA61B5F}
		{352287D3-6463-48B3-9DCC-2254EFBBB435} = {00F984E3-23D1-4506-7672-CB0DACA61B5F}
		{AF9A014D-EB94-41D1-936A-C9D76F0FD062} = {00F984E3-23D1-4506-7672-CB0DACA61B5F}
		{CCB037B1-8887-5A16-D510-C5142074CF12} = {984BB9B3-3FA3-BE33-9484-CAC21695A33C}
		{258EA57F-E720-43AA-931E-2C3C064653E2} = {CCB037B1-8887-5A16-D510-C5142074CF12}
		{ADC6C426-77B2-4E28-86DC-D3B16626D0EB} = {CCB037B1-8887-5A16-D510-C5142074CF12}
		{A1E8F9CE-F11C-4457-867D-16D74FE77C8B} = {CCB037B1-8887-5A16-D510-C5142074CF12}
		{B9EA5470-9168-4F6C-87FE-F4296ACC051F} = {CCB037B1-8887-5A16-D510-C5142074CF12}
		{858DE5F2-8EA0-CEFD-0199-EB372F0288DC} = {984BB9B3-3FA3-BE33-9484-CAC21695A33C}
		{4EAE9962-F4DB-468F-90FC-0A3008116372} = {858DE5F2-8EA0-CEFD-0199-EB372F0288DC}
		{6AFCAEAD-21D4-4CA9-AAF5-8C0D659FC151} = {858DE5F2-8EA0-CEFD-0199-EB372F0288DC}
		{97CBCB07-7DBC-4ED9-8D17-F2A269F1542C} = {858DE5F2-8EA0-CEFD-0199-EB372F0288DC}
		{A01302F6-697D-4362-8F04-68BA8E134317} = {858DE5F2-8EA0-CEFD-0199-EB372F0288DC}
		{8645D090-6A1C-59A0-59D6-425CEB862DCE} = {984BB9B3-3FA3-BE33-9484-CAC21695A33C}
		{5CFDEF74-4202-47C2-A889-A9A74E9B9E4C} = {8645D090-6A1C-59A0-59D6-425CEB862DCE}
		{117505CF-FC33-4EA0-BCD2-2C4B3DDFA0D3} = {8645D090-6A1C-59A0-59D6-425CEB862DCE}
		{C5DB7337-0492-43D8-9DF1-7EA7D24D4D0E} = {8645D090-6A1C-59A0-59D6-425CEB862DCE}
		{4F5033B9-94B5-4A21-A761-021A884B57EC} = {8645D090-6A1C-59A0-59D6-425CEB862DCE}
		{DBEBE0B0-B5B0-423B-D75D-3F5D7183D7B8} = {984BB9B3-3FA3-BE33-9484-CAC21695A33C}
		{031E0B2B-C6B2-42A3-B70C-DDF51569B462} = {DBEBE0B0-B5B0-423B-D75D-3F5D7183D7B8}
		{BFA0AB1D-577F-45A0-AB9E-1EBFC0FF0801} = {DBEBE0B0-B5B0-423B-D75D-3F5D7183D7B8}
		{277AFB09-887A-4106-A683-ABF3179608EF} = {DBEBE0B0-B5B0-423B-D75D-3F5D7183D7B8}
		{126CF049-4C4C-4050-85F0-91C49245A24D} = {DBEBE0B0-B5B0-423B-D75D-3F5D7183D7B8}
		{3FB03296-F262-2760-9861-73C41AF3766C} = {984BB9B3-3FA3-BE33-9484-CAC21695A33C}
		{5D2C5D6B-FDC6-4412-AFFC-3D42E9A6DA01} = {3FB03296-F262-2760-9861-73C41AF3766C}
		{C6C6CAC3-F1AC-4108-9CF6-C432AE035F08} = {3FB03296-F262-2760-9861-73C41AF3766C}
		{B03531D9-8E2A-4B7D-84B6-393A871E86BD} = {3FB03296-F262-2760-9861-73C41AF3766C}
		{D3C50191-736C-4C56-BEEB-9F1B1AE8D722} = {3FB03296-F262-2760-9861-73C41AF3766C}
		{4678B932-6214-066A-07FD-5E217802A2A5} = {984BB9B3-3FA3-BE33-9484-CAC21695A33C}
		{88C01003-716B-4596-8760-329BDA299000} = {4678B932-6214-066A-07FD-5E217802A2A5}
		{187A1CB4-BADC-4C79-828E-CFFEF301D901} = {4678B932-6214-066A-07FD-5E217802A2A5}
		{53C3F281-3945-44E1-BFD2-E9E4579E4D76} = {4678B932-6214-066A-07FD-5E217802A2A5}
		{9D4EC24F-0A10-4FAE-A8A0-B4B92D15B299} = {4678B932-6214-066A-07FD-5E217802A2A5}
		{44926F06-90B6-0D89-49E2-F6DD77DAA27E} = {984BB9B3-3FA3-BE33-9484-CAC21695A33C}
		{DB6CBC7B-AF96-453D-B50E-FEC6319448D0} = {44926F06-90B6-0D89-49E2-F6DD77DAA27E}
		{5C47A2A0-D92A-42CD-8AE7-58094645E786} = {44926F06-90B6-0D89-49E2-F6DD77DAA27E}
		{DB12C82B-14A3-4EE6-9576-B0DCB332C544} = {44926F06-90B6-0D89-49E2-F6DD77DAA27E}
		{4C0188C4-7993-4816-8BE3-E874B6E1FF5E} = {44926F06-90B6-0D89-49E2-F6DD77DAA27E}
		{349332C1-2AAA-F892-C221-14C69DF1561D} = {984BB9B3-3FA3-BE33-9484-CAC21695A33C}
		{A96D632E-6B02-4CC5-97DA-41AAF6515ED8} = {349332C1-2AAA-F892-C221-14C69DF1561D}
		{19F8D4EE-B4FE-4F0A-9774-557AD86A5D53} = {349332C1-2AAA-F892-C221-14C69DF1561D}
		{0C9DB09B-4B0D-4564-8923-883197F238A1} = {349332C1-2AAA-F892-C221-14C69DF1561D}
		{1329D81F-8830-4949-A8E4-1DEB26CA8D95} = {349332C1-2AAA-F892-C221-14C69DF1561D}
		{EA21366C-CA10-58A8-F467-82E475E18730} = {984BB9B3-3FA3-BE33-9484-CAC21695A33C}
		{C15953CD-18C7-4FE5-83FB-59CDC18B2BC6} = {EA21366C-CA10-58A8-F467-82E475E18730}
		{8D3B1E5C-DA67-4682-9B68-55E04BFC4343} = {EA21366C-CA10-58A8-F467-82E475E18730}
		{43D451E3-BEE9-4D95-9347-5A3FFFCD80DF} = {EA21366C-CA10-58A8-F467-82E475E18730}
		{E747C65A-41C9-4697-8778-2AE0DF2AA3A0} = {EA21366C-CA10-58A8-F467-82E475E18730}
		{C5FBE174-8E0F-F5A3-B929-8BD0C55C0A32} = {984BB9B3-3FA3-BE33-9484-CAC21695A33C}
		{B9B53A09-E598-4F70-8705-9EF1DF318D46} = {C5FBE174-8E0F-F5A3-B929-8BD0C55C0A32}
		{14BAFAFE-36A1-4EE5-8798-68199177E20E} = {C5FBE174-8E0F-F5A3-B929-8BD0C55C0A32}
		{6E7037F7-B5B6-4FA9-8543-2823180EFCE2} = {C5FBE174-8E0F-F5A3-B929-8BD0C55C0A32}
		{F60902E3-C729-4618-A073-8BA2FC898F81} = {C5FBE174-8E0F-F5A3-B929-8BD0C55C0A32}
		{FCA01246-F2C6-0AA7-D43F-FD13BE0B9D88} = {827E0CD3-B72D-47B6-A68D-7590B98EB39B}
		{165BF52C-F236-4A42-9AF7-C0FAE1084D5B} = {FCA01246-F2C6-0AA7-D43F-FD13BE0B9D88}
		{95F1508E-98F5-4484-8CC8-EF72F4E38B2B} = {0AB3BF05-4346-4AA6-1389-037BE0695223}
		{C2A7F29C-F0E5-405D-99DB-713D2BDA99FE} = {0AB3BF05-4346-4AA6-1389-037BE0695223}
		{42B07926-951C-45AC-B923-C0E309853F42} = {DBEBE0B0-B5B0-423B-D75D-3F5D7183D7B8}
	EndGlobalSection
EndGlobal
